version = 1
revision = 3
requires-python = ">=3.8"

[options]
exclude-newer = "2026-09-28T11:58:28.553468867Z"

[[package]]
name = "git-revise"
version = "0.8.0"
source = { registry = "https://pypi.org/simple/" }
sdist = { url = "https://files.pythonhosted.org/packages/b7/51/771e8ecd76847a6e822d40e070604eb3d916bf25f73b369417a9789103d5/git_revise-0.8.0.tar.gz", hash = "sha256:3239b1809cd659b33f6f323d3bfca5c7e3a9eb2eace223cf63b346f91c8c831c", size = 23966, upload-time = "2026-02-22T23:05:15.336Z" }
wheels = [
    { url = "https://files.pythonhosted.org/packages/8f/66/c9d9d39245b430044db0c720f4ec067c0a366eea9d30e529dd3f69863d4e/git_revise-0.8.0-py3-none-any.whl", hash = "sha256:f7191ebd6e93952b2bd96cf24ab2255092f453231b406a9a9ab4ad517440baf9", size = 26960, upload-time = "2026-02-22T23:05:14.211Z" },
]

[[package]]
name = "mise-pypi-tool-environment"
version = "0.0.0"
source = { virtual = "." }
dependencies = [
    { name = "git-revise" },
]

[package.metadata]
requires-dist = [{ name = "git-revise", specifier = "==0.8.0" }]
