version = 1
revision = 3
requires-python = ">=3.10"

[options]
exclude-newer = "2026-09-28T11:58:28.553468867Z"

[[package]]
name = "mise-pypi-tool-environment"
version = "0.0.0"
source = { virtual = "." }
dependencies = [
    { name = "yt-dlp" },
]

[package.metadata]
requires-dist = [{ name = "yt-dlp", specifier = "==2026.8.19" }]

[[package]]
name = "yt-dlp"
version = "2026.8.19"
source = { registry = "https://pypi.org/simple/" }
sdist = { url = "https://files.pythonhosted.org/packages/1e/e0/832fa4ca334b766a06933a196066edc3dba37cdb6f14cd98d59bcc69a4b4/yt_dlp-2026.8.19.tar.gz", hash = "sha256:9e213e48cea35c66b378e4447903f118f6392a5fa380a2b6d7070ec86f4e0af1", size = 3052025, upload-time = "2026-08-19T23:48:59.291Z" }
wheels = [
    { url = "https://files.pythonhosted.org/packages/69/b2/8cd1613f56eed7ceb64fbd4df3f1c01246bfb098e6f398228bafda22b80b/yt_dlp-2026.8.19-py3-none-any.whl", hash = "sha256:1d57897e94c6665a0a6f9bc54b34e584284e32c034ffab3a7df25d8f7b24eedf", size = 3185533, upload-time = "2026-08-19T23:48:56.925Z" },
]
