version = 1
revision = 3
requires-python = ">=3.8"

[options]
exclude-newer = "2026-09-28T11:58:28.553468867Z"

[[package]]
name = "git-filter-repo"
version = "2.47.0"
source = { registry = "https://pypi.org/simple/" }
sdist = { url = "https://files.pythonhosted.org/packages/b9/bb/7a283f568af6b0528ade65e8ace84bd6ba46003e429101bcd62c232d01a5/git_filter_repo-2.47.0.tar.gz", hash = "sha256:411b27e68a080c07a69c233cb526dbc2d848b09a72f10477f4444dd0822cf290", size = 275743, upload-time = "2024-12-04T03:10:48.2Z" }
wheels = [
    { url = "https://files.pythonhosted.org/packages/60/60/d3943f0880ebcb7e0bdf79254d10dddd39c7b656eeecae32b8806ff66dec/git_filter_repo-2.47.0-py3-none-any.whl", hash = "sha256:2cd04929b9024e83e65db571cbe36aec65ead0cb5f9ec5abe42158654af5ad83", size = 76282, upload-time = "2024-12-04T03:10:46.064Z" },
]

[[package]]
name = "mise-pypi-tool-environment"
version = "0.0.0"
source = { virtual = "." }
dependencies = [
    { name = "git-filter-repo" },
]

[package.metadata]
requires-dist = [{ name = "git-filter-repo", specifier = "==2.47.0" }]
