version = 1
revision = 3
requires-python = ">=3.10, <4.0"

[options]
exclude-newer = "2026-09-28T11:58:28.553468867Z"

[[package]]
name = "async-timeout"
version = "5.0.1"
source = { registry = "https://pypi.org/simple/" }
sdist = { url = "https://files.pythonhosted.org/packages/a5/ae/136395dfbfe00dfc94da3f3e136d0b13f394cba8f4841120e34226265780/async_timeout-5.0.1.tar.gz", hash = "sha256:d9321a7a3d5a6a5e187e824d2fa0793ce379a202935782d555d6e9d2735677d3", size = 9274, upload-time = "2024-11-06T16:41:39.6Z" }
wheels = [
    { url = "https://files.pythonhosted.org/packages/fe/ba/e2081de779ca30d473f21f5b30e0e737c438205440784c7dfc81efc2b029/async_timeout-5.0.1-py3-none-any.whl", hash = "sha256:39e3809566ff85354557ec2398b55e096c8364bacac9405a7a1fa429e77fe76c", size = 6233, upload-time = "2024-11-06T16:41:37.9Z" },
]

[[package]]
name = "click"
version = "8.5.0"
source = { registry = "https://pypi.org/simple/" }
sdist = { url = "https://files.pythonhosted.org/packages/c7/0e/7fa0ef50764b67090eca4114772a2abf8b6148198475e54c660b97caeee6/click-8.5.0.tar.gz", hash = "sha256:ba0d2089de75ea0310e2dde03160e6ca10009947fb95a182f9b54021bb272e34", size = 382235, upload-time = "2026-08-26T13:33:14.56Z" }
wheels = [
    { url = "https://files.pythonhosted.org/packages/58/50/6c0d534c5f134586a8e1ba4e330569e32f057e33372ae556463212fb4cd3/click-8.5.0-py3-none-any.whl", hash = "sha256:255bc9599cf7748b4b1a446ccc735421bd08a2ae529a8b88597d3de5664ee360", size = 125251, upload-time = "2026-08-26T13:33:12.928Z" },
]

[[package]]
name = "configobj"
version = "5.0.9"
source = { registry = "https://pypi.org/simple/" }
sdist = { url = "https://files.pythonhosted.org/packages/f5/c4/c7f9e41bc2e5f8eeae4a08a01c91b2aea3dfab40a3e14b25e87e7db8d501/configobj-5.0.9.tar.gz", hash = "sha256:03c881bbf23aa07bccf1b837005975993c4ab4427ba57f959afdd9d1a2386848", size = 101518, upload-time = "2024-09-21T12:47:46.315Z" }
wheels = [
    { url = "https://files.pythonhosted.org/packages/a6/c4/0679472c60052c27efa612b4cd3ddd2a23e885dcdc73461781d2c802d39e/configobj-5.0.9-py2.py3-none-any.whl", hash = "sha256:1ba10c5b6ee16229c79a05047aeda2b55eb4e80d7c7d8ecf17ec1ca600c79882", size = 35615, upload-time = "2024-11-26T14:03:32.972Z" },
]

[[package]]
name = "iredis"
version = "1.16.1"
source = { registry = "https://pypi.org/simple/" }
dependencies = [
    { name = "click" },
    { name = "configobj" },
    { name = "mistune" },
    { name = "packaging" },
    { name = "prompt-toolkit" },
    { name = "pygments" },
    { name = "python-dateutil" },
    { name = "redis" },
]
sdist = { url = "https://files.pythonhosted.org/packages/24/3c/9d26458a7e1a064f417fbdca8e9c0656c3c1a0afda225bf6ad76c3ff4f70/iredis-1.16.1.tar.gz", hash = "sha256:862a67a59e05710cb6547bdff55e3b6801298578f78d39e7fa953424f68793df", size = 246482, upload-time = "2026-03-27T08:48:55.442Z" }
wheels = [
    { url = "https://files.pythonhosted.org/packages/85/69/428c6f8c42d324e7d0d1d6e243577b2db6c5695d343ed0d84e7c4dd614cb/iredis-1.16.1-py3-none-any.whl", hash = "sha256:8c3546e4708e6004b4ccc2b61d588ea68ffcb883cb53b16de443b2f81fb8a5e4", size = 388907, upload-time = "2026-03-27T08:48:56.552Z" },
]

[[package]]
name = "mise-pypi-tool-environment"
version = "0.0.0"
source = { virtual = "." }
dependencies = [
    { name = "iredis" },
]

[package.metadata]
requires-dist = [{ name = "iredis", specifier = "==1.16.1" }]

[[package]]
name = "mistune"
version = "3.3.4"
source = { registry = "https://pypi.org/simple/" }
dependencies = [
    { name = "typing-extensions", marker = "python_full_version < '3.11'" },
]
sdist = { url = "https://files.pythonhosted.org/packages/7b/92/328a294a6de83bacb95bed01f04e0eaff4e3616ee359fc821a5dfc539b02/mistune-3.3.4.tar.gz", hash = "sha256:58b5c96d6fcb61190dfe5fae498d2b2065f99cf61e9649418fd54cf1ada86dfe", size = 121426, upload-time = "2026-07-22T05:22:30.89Z" }
wheels = [
    { url = "https://files.pythonhosted.org/packages/77/e4/288365afae98953bc01de09f686f40d8ee84578135aa7767d5d4e60b5278/mistune-3.3.4-py3-none-any.whl", hash = "sha256:ee015381e955e370962968befe1d729ab60fafb6a715ac6751763fbce38c8d4a", size = 66862, upload-time = "2026-07-22T05:22:29.419Z" },
]

[[package]]
name = "packaging"
version = "24.2"
source = { registry = "https://pypi.org/simple/" }
sdist = { url = "https://files.pythonhosted.org/packages/d0/63/68dbb6eb2de9cb10ee4c9c14a0148804425e13c4fb20d61cce69f53106da/packaging-24.2.tar.gz", hash = "sha256:c228a6dc5e932d346bc5739379109d49e8853dd8223571c7c5b55260edc0b97f", size = 163950, upload-time = "2024-11-08T09:47:47.202Z" }
wheels = [
    { url = "https://files.pythonhosted.org/packages/88/ef/eb23f262cca3c0c4eb7ab1933c3b1f03d021f2c48f54763065b6f0e321be/packaging-24.2-py3-none-any.whl", hash = "sha256:09abb1bccd265c01f4a3aa3f7a7db064b36514d2cba19a2f694fe6150451a759", size = 65451, upload-time = "2024-11-08T09:47:44.722Z" },
]

[[package]]
name = "prompt-toolkit"
version = "3.0.53"
source = { registry = "https://pypi.org/simple/" }
dependencies = [
    { name = "wcwidth" },
]
sdist = { url = "https://files.pythonhosted.org/packages/7d/ea/39b988c938f75cb75d7045b5c69f8bfed47ee2152c8837fb403de29d6fb8/prompt_toolkit-3.0.53.tar.gz", hash = "sha256:9ec8a0ad96d5c56148b3f914aa79c1564c3fde5d2e6b876e7bc327e353cf8fa6", size = 435492, upload-time = "2026-07-26T20:56:14.758Z" }
wheels = [
    { url = "https://files.pythonhosted.org/packages/54/6f/84908cad2d6aa5144abcf7b42709fe4fdb459bc640ec7ac5786e7693dabc/prompt_toolkit-3.0.53-py3-none-any.whl", hash = "sha256:01c0891d7f9237d5e339f7d3e42cdae80b7534abb1c7c0e3352efba6231492f2", size = 392288, upload-time = "2026-07-26T20:56:12.512Z" },
]

[[package]]
name = "pygments"
version = "2.21.0"
source = { registry = "https://pypi.org/simple/" }
sdist = { url = "https://files.pythonhosted.org/packages/49/2e/ced460408999b33da6b31b0021b0f37d329e202d4169aeb164493778f25b/pygments-2.21.0.tar.gz", hash = "sha256:610ca751c9bc2492b38eb9a38a7fbc93edbbb2d7182edaf34e66ae493dee5c8c", size = 5005329, upload-time = "2026-08-17T08:02:48.824Z" }
wheels = [
    { url = "https://files.pythonhosted.org/packages/71/46/17f022dd3e953bf20a04a028a21ec746d942f8d2af30fa0f124fa0e6a684/pygments-2.21.0-py3-none-any.whl", hash = "sha256:2363c69b61c4a97c838da3b130dcd6468f4848992b21a82f2a63ec34377137d9", size = 1250147, upload-time = "2026-08-17T08:02:44.912Z" },
]

[[package]]
name = "python-dateutil"
version = "2.9.0.post0"
source = { registry = "https://pypi.org/simple/" }
dependencies = [
    { name = "six" },
]
sdist = { url = "https://files.pythonhosted.org/packages/66/c0/0c8b6ad9f17a802ee498c46e004a0eb49bc148f2fd230864601a86dcf6db/python-dateutil-2.9.0.post0.tar.gz", hash = "sha256:37dd54208da7e1cd875388217d5e00ebd4179249f90fb72437e91a35459a0ad3", size = 342432, upload-time = "2024-03-01T18:36:20.211Z" }
wheels = [
    { url = "https://files.pythonhosted.org/packages/ec/57/56b9bcc3c9c6a792fcbaf139543cee77261f3651ca9da0c93f5c1221264b/python_dateutil-2.9.0.post0-py2.py3-none-any.whl", hash = "sha256:a8b2bc7bffae282281c8140a97d3aa9c14da0b136dfe83f850eea9a5f7470427", size = 229892, upload-time = "2024-03-01T18:36:18.57Z" },
]

[[package]]
name = "redis"
version = "7.4.1"
source = { registry = "https://pypi.org/simple/" }
dependencies = [
    { name = "async-timeout", marker = "python_full_version < '3.11.3'" },
]
sdist = { url = "https://files.pythonhosted.org/packages/51/93/05e7d4a65285066a74f48697f9b9cde5cfce71398033d69ed83c3d98f5c9/redis-7.4.1.tar.gz", hash = "sha256:1a1df5067062cf7cbe677994e391f8ee0840f499d370f1a71266e0dd3aa9308e", size = 4945742, upload-time = "2026-06-05T09:10:06.703Z" }
wheels = [
    { url = "https://files.pythonhosted.org/packages/4a/2e/2677f3f93dae0497e7e33b6637302e7f3744efc553f34231183e32584885/redis-7.4.1-py3-none-any.whl", hash = "sha256:1fa4647af1c5e93a2c685aa248ee44cce092691146d41390518dabe9a99839b0", size = 410171, upload-time = "2026-06-05T09:10:05.128Z" },
]

[[package]]
name = "six"
version = "1.17.0"
source = { registry = "https://pypi.org/simple/" }
sdist = { url = "https://files.pythonhosted.org/packages/94/e7/b2c673351809dca68a0e064b6af791aa332cf192da575fd474ed7d6f16a2/six-1.17.0.tar.gz", hash = "sha256:ff70335d468e7eb6ec65b95b99d3a2836546063f63acc5171de367e834932a81", size = 34031, upload-time = "2024-12-04T17:35:28.174Z" }
wheels = [
    { url = "https://files.pythonhosted.org/packages/b7/ce/149a00dd41f10bc29e5921b496af8b574d8413afcd5e30dfa0ed46c2cc5e/six-1.17.0-py2.py3-none-any.whl", hash = "sha256:4721f391ed90541fddacab5acf947aa0d3dc7d27b2e1e8eda2be8970586c3274", size = 11050, upload-time = "2024-12-04T17:35:26.475Z" },
]

[[package]]
name = "typing-extensions"
version = "4.16.0"
source = { registry = "https://pypi.org/simple/" }
sdist = { url = "https://files.pythonhosted.org/packages/f6/cc/6253133b5bb138fc3306cebfbda2c520f545d36b5be2c7255cc528bb45d6/typing_extensions-4.16.0.tar.gz", hash = "sha256:dc983d19a509c94dba722ee6abd33940f7c05a89e243c47e907eb4db6f1a43e5", size = 113555, upload-time = "2026-07-02T08:40:05.92Z" }
wheels = [
    { url = "https://files.pythonhosted.org/packages/49/d3/b8441a820a491ddfc024b0b0cf0393375b75ea13866d9c66727e54c2fc80/typing_extensions-4.16.0-py3-none-any.whl", hash = "sha256:481caa481374e813c1b176ada14e97f1f67a4539ce9cfeb3f350d78d6370c2e8", size = 45571, upload-time = "2026-07-02T08:40:04.659Z" },
]

[[package]]
name = "wcwidth"
version = "0.9.1"
source = { registry = "https://pypi.org/simple/" }
sdist = { url = "https://files.pythonhosted.org/packages/dc/ac/3a943d2792c9bb368aaa8b50121c0f778460ba2d7fbdc0a0366201d9e761/wcwidth-0.9.1.tar.gz", hash = "sha256:5823209b0d43af322ce698c689380d7c15ca31fa8e6e3be8459f27031bef0af5", size = 952410, upload-time = "2026-09-23T20:23:49.127Z" }
wheels = [
    { url = "https://files.pythonhosted.org/packages/48/7c/130de33c0a7f6efecee28fef5711fc1f8d55ac33885a6b85f4f6689004ba/wcwidth-0.9.1-cp310-abi3-macosx_10_9_x86_64.whl", hash = "sha256:10b00ba23482e352f874d2e8135e7ace9da838646c7dd800566246bbd46125ff", size = 604219, upload-time = "2026-09-23T20:23:22.071Z" },
    { url = "https://files.pythonhosted.org/packages/33/7c/c7bb03da54de7ac5a08753e186b963f91847b04ed8ae5be136a4d5f52b75/wcwidth-0.9.1-cp310-abi3-macosx_11_0_arm64.whl", hash = "sha256:40d936d72c9bdc10df43f93a8be502bc5024b487259139f66a328722c07f34a9", size = 609038, upload-time = "2026-09-23T20:23:24.941Z" },
    { url = "https://files.pythonhosted.org/packages/0b/71/f57effdf895c2d6d49333f1d6833a9f5438725c55a04ed3124a1c95bb3aa/wcwidth-0.9.1-cp310-abi3-manylinux1_i686.manylinux2014_i686.manylinux_2_17_i686.manylinux_2_5_i686.whl", hash = "sha256:69bb970cf5652b88cfdb9d3fdd1764fc15e5f8ad531643e7bb3e894cd969740e", size = 761464, upload-time = "2026-09-23T20:23:32.425Z" },
    { url = "https://files.pythonhosted.org/packages/4f/16/15b03d8fb7a747d0d2cf4a33da7b1b3e092493c58780f6589d5b1e9e3b49/wcwidth-0.9.1-cp310-abi3-manylinux2014_aarch64.manylinux_2_17_aarch64.whl", hash = "sha256:b5da43d6967668982e44a52fb551967d293f86d26cd86036ac95bbdd34394ed9", size = 770483, upload-time = "2026-09-23T20:23:28.128Z" },
    { url = "https://files.pythonhosted.org/packages/e2/a0/834886b30e3b885a5a96e8358f1b3917bc0bac43ae4178d77f0c210d079b/wcwidth-0.9.1-cp310-abi3-manylinux2014_x86_64.manylinux_2_17_x86_64.whl", hash = "sha256:747fb724223f417a17541a95a17c1dac3a8ef9a0cf41684950f0eab191a35f65", size = 768443, upload-time = "2026-09-23T20:23:33.875Z" },
    { url = "https://files.pythonhosted.org/packages/a2/ae/1b7597e0132ebc2c920632f39d8c1c61881345c9b480c0a95eb91e7460fa/wcwidth-0.9.1-cp310-abi3-musllinux_1_2_aarch64.whl", hash = "sha256:6e1272b7986cefe79783737e38bdb9eaae0682b333c7bd132024441193dd5ce7", size = 781171, upload-time = "2026-09-23T20:23:29.46Z" },
    { url = "https://files.pythonhosted.org/packages/fb/bb/32149e3b481953f4ef35f38f166e2532886d33ae54ccdd71393f821dfad9/wcwidth-0.9.1-cp310-abi3-musllinux_1_2_i686.whl", hash = "sha256:fe021c4d8de9d36c31a0cb41d0d2546dadd3b0708a301f1a0c66ce200851831f", size = 781576, upload-time = "2026-09-23T20:23:35.504Z" },
    { url = "https://files.pythonhosted.org/packages/d6/72/1ee3dff67697bda93bc56ec9f7b3b89609cd64b9abb328512a2f22eb9e47/wcwidth-0.9.1-cp310-abi3-musllinux_1_2_x86_64.whl", hash = "sha256:708158c082364af442f9983de7b6ec9ac0d2e1b825ada25f0911b1f138d55405", size = 783526, upload-time = "2026-09-23T20:23:36.937Z" },
    { url = "https://files.pythonhosted.org/packages/ce/0a/e94f19a60f6127bcf3dfcf223ca05a37650d57b37b5ed623597c842ce7ca/wcwidth-0.9.1-cp310-abi3-win32.whl", hash = "sha256:356376852357b8fca71fe5415808ec421679e04b4a98eb7c9cb6a7984b911a05", size = 592136, upload-time = "2026-09-23T20:23:43.774Z" },
    { url = "https://files.pythonhosted.org/packages/3c/ff/d884d2ec7dcdc86cda742a86c7160bc726dbccae76d7ae1f9ac833c26680/wcwidth-0.9.1-cp310-abi3-win_amd64.whl", hash = "sha256:991d1c8834f548e9c1f16432075ee84638e122312556bbf1ed595ea8fffc4673", size = 596738, upload-time = "2026-09-23T20:23:44.989Z" },
    { url = "https://files.pythonhosted.org/packages/fa/93/16e30d617b937272a2310a6e3c1f9d8f94984e19ad4a96eb935628e3e6b6/wcwidth-0.9.1-cp310-abi3-win_arm64.whl", hash = "sha256:61bd7aef9cafb6cb77a37a169998d7928ce82a51522146d11f60db9e7d1cb43a", size = 594700, upload-time = "2026-09-23T20:23:41.013Z" },
    { url = "https://files.pythonhosted.org/packages/0b/fb/bf93868205814f03d63e5b91757cf5bee99e024ce951c2e91fdeaab49c59/wcwidth-0.9.1-cp314-cp314t-macosx_10_15_x86_64.whl", hash = "sha256:dc10e262c3ac0abbfd0a2a51e45a848b1b7f500b21ff512630277973ba25674d", size = 605391, upload-time = "2026-09-23T20:23:23.602Z" },
    { url = "https://files.pythonhosted.org/packages/59/bb/dd3ae682f8ab13b1bffd8d52320d2f7becc16e3200580015f52124636e3a/wcwidth-0.9.1-cp314-cp314t-macosx_11_0_arm64.whl", hash = "sha256:bcb9ed4a367cc025bf1092ac679a156759605182d60b7ed3c28f7221a42ddf55", size = 609851, upload-time = "2026-09-23T20:23:26.583Z" },
    { url = "https://files.pythonhosted.org/packages/56/e7/4f3a86953ab1f59eac15585795f7753da99370798f75b134d3cbf252b243/wcwidth-0.9.1-cp314-cp314t-manylinux1_i686.manylinux2014_i686.manylinux_2_17_i686.manylinux_2_5_i686.whl", hash = "sha256:0d68a30d504c68cfdff2a5f804675c1e7ab4c0bbe878024c8b680ec5579cde67", size = 774751, upload-time = "2026-09-23T20:23:38.473Z" },
    { url = "https://files.pythonhosted.org/packages/48/0c/a456332bb581ebf3eb1a7dedb1492747b15772ce82c0717cc05387a64a17/wcwidth-0.9.1-cp314-cp314t-manylinux2014_aarch64.manylinux_2_17_aarch64.whl", hash = "sha256:9f1636c5075ffd5c2e835b4561874f6e5dd2bbeba3c6c2c99f067d0d16883af8", size = 785798, upload-time = "2026-09-23T20:23:30.998Z" },
    { url = "https://files.pythonhosted.org/packages/1b/6e/a35de089370d6d872c5424d234e00a8580e62c1bff518ff583750e7b15f7/wcwidth-0.9.1-cp314-cp314t-manylinux2014_x86_64.manylinux_2_17_x86_64.whl", hash = "sha256:c4cead196551112cb8f43cdd1f80c235ef2456e34b1a9955c424537ec99961b2", size = 782933, upload-time = "2026-09-23T20:23:39.672Z" },
    { url = "https://files.pythonhosted.org/packages/ed/25/e39b6140d05f3aa8e2a6cbb2d679cba5767de7ac0a4860d1da246b6c36b3/wcwidth-0.9.1-cp314-cp314t-win32.whl", hash = "sha256:0665ee822ea04e25801e6e82e5407528be0863e88a17b0e7ca038843a4a3ac0c", size = 599829, upload-time = "2026-09-23T20:23:46.221Z" },
    { url = "https://files.pythonhosted.org/packages/12/ad/307b55d8e0a9484c48e8f78f40e9b9a4a9af0c9e2e1c5209ad6d5a09c77c/wcwidth-0.9.1-cp314-cp314t-win_amd64.whl", hash = "sha256:eab587e18e7cadf1a750b0098fc8bebfb62c125eb9306f2268f0443a282a3d78", size = 604398, upload-time = "2026-09-23T20:23:47.672Z" },
    { url = "https://files.pythonhosted.org/packages/36/f1/69566660f633e2a93df7dad7353761562e9f71bf8a5a7b1eb7f34793b45d/wcwidth-0.9.1-cp314-cp314t-win_arm64.whl", hash = "sha256:03cfca3dcbffa86564290fe3c9978a6191ba003e8ced7f7dbda315fcb3fbe725", size = 602291, upload-time = "2026-09-23T20:23:42.345Z" },
    { url = "https://files.pythonhosted.org/packages/96/a2/f06f2e0be4895e5943d358755b51968ace85774cf0a4cc42b4dafb793832/wcwidth-0.9.1-py3-none-any.whl", hash = "sha256:e0c3a1c45c5b9550c6919a4449e95f5b177f6e165786376981db8f1addae9b21", size = 300656, upload-time = "2026-09-23T20:23:20.674Z" },
]
