[[plugins]]
  name = "zsh-defer"
  source = "github:romkatv/zsh-defer"
  rev = "53a26e287fbbe2dcebb3aa1801546c6de32416fa"

[[plugins]]
  name = "zsh-vi-mode"
  source = "github:jeffreytse/zsh-vi-mode"
  rev = "91cafe4a09b6670cb8e761aa413e5f7b9e00816f"

[[plugins]]
  name = "powerlevel10k"
  source = "github:romkatv/powerlevel10k"
  rev = "d05a1b00f9a61f9578bf9dc19b8451942dde8734"

[[plugins]]
  name = "fast-syntax-highlighting"
  source = "github:zdharma-continuum/fast-syntax-highlighting"
  rev = "4672ad5dd9ad68a7effc1476d65afb7c584ce2b3"

[[plugins]]
  name = "evalcache"
  source = "github:mroth/evalcache"
  rev = "d6973f8c3ecde3eabd75c17b47e2222e24ab3e87"

[[plugins]]
  name = "zsh-autosuggestions"
  source = "github:zsh-users/zsh-autosuggestions"
  rev = "85919cd1ffa7d2d5412f6d3fe437ebdbeeec4fc5"

[[plugins]]
  name = "zsh-you-should-use"
  source = "github:MichaelAquilina/zsh-you-should-use"
  rev = "5f3d129864ee4505043d88c3486224f1d75b692e"
