# @generated - this file is auto-generated by `mise lock` https://mise.jdx.dev/dev-tools/mise-lock.html

lockfile_version = 1

[[tools.cargo-binstall]]
version = "1.23.0"
backend = "aqua:cargo-bins/cargo-binstall"
specifiers = ["latest"]

[tools.cargo-binstall."platforms.linux-arm64"]
checksum = "sha256:c458cfe9534d1958f159fc17b5f50e839297b4ee752b23ffdd80c5e15a734c42"
url = "https://github.com/cargo-bins/cargo-binstall/releases/download/v1.23.0/cargo-binstall-aarch64-unknown-linux-gnu.tgz"
url_api = "https://api.github.com/repos/cargo-bins/cargo-binstall/releases/assets/546062641"
provenance = "github-attestations"

[tools.cargo-binstall."platforms.linux-arm64-musl"]
checksum = "sha256:ba9b7bf426c7b7375825cd3fa367c3f8a632ca7c6c546fdcb738114b167f4103"
url = "https://github.com/cargo-bins/cargo-binstall/releases/download/v1.23.0/cargo-binstall-aarch64-unknown-linux-musl.tgz"
url_api = "https://api.github.com/repos/cargo-bins/cargo-binstall/releases/assets/546062597"
provenance = "github-attestations"

[tools.cargo-binstall."platforms.linux-x64"]
checksum = "sha256:cdada45ad6bb501185ab309f5eef3f628b6bc44460746565cb3e0c7538815bf3"
url = "https://github.com/cargo-bins/cargo-binstall/releases/download/v1.23.0/cargo-binstall-x86_64-unknown-linux-gnu.tgz"
url_api = "https://api.github.com/repos/cargo-bins/cargo-binstall/releases/assets/546062151"
provenance = "github-attestations"

[tools.cargo-binstall."platforms.linux-x64-musl"]
checksum = "sha256:64bf954c68bb558431deeabecaec7687edd5541c2189ee263bb8bc18bc4fdf55"
url = "https://github.com/cargo-bins/cargo-binstall/releases/download/v1.23.0/cargo-binstall-x86_64-unknown-linux-musl.tgz"
url_api = "https://api.github.com/repos/cargo-bins/cargo-binstall/releases/assets/546062088"
provenance = "github-attestations"

[tools.cargo-binstall."platforms.macos-arm64"]
checksum = "sha256:0f679c0bc992c6b84fdcbb0f65492588447d26596ef387cb6cb1ba41ad8ceb33"
url = "https://github.com/cargo-bins/cargo-binstall/releases/download/v1.23.0/cargo-binstall-aarch64-apple-darwin.zip"
url_api = "https://api.github.com/repos/cargo-bins/cargo-binstall/releases/assets/546062768"
provenance = "github-attestations"

[tools.cargo-binstall."platforms.macos-x64"]
checksum = "sha256:5b4d6cd99651318e17a26ed9bab7505de0f496d88793a7735a0fc6e2079efe83"
url = "https://github.com/cargo-bins/cargo-binstall/releases/download/v1.23.0/cargo-binstall-x86_64-apple-darwin.zip"
url_api = "https://api.github.com/repos/cargo-bins/cargo-binstall/releases/assets/546062270"
provenance = "github-attestations"

[tools.cargo-binstall."platforms.windows-x64"]
checksum = "sha256:f4641479477aca40387e88297e3813fab8e44a8d21f25faa44e0ff33e2bc1726"
url = "https://github.com/cargo-bins/cargo-binstall/releases/download/v1.23.0/cargo-binstall-x86_64-pc-windows-msvc.zip"
url_api = "https://api.github.com/repos/cargo-bins/cargo-binstall/releases/assets/546062212"
provenance = "github-attestations"

[[tools."cargo:cargo-update"]]
version = "22.1.1"
backend = "cargo:cargo-update"
specifiers = ["latest"]

[[tools."cargo:momoisay"]]
version = "0.1.0"
backend = "cargo:momoisay"
specifiers = ["latest"]

[[tools.claude]]
version = "2.1.269"
backend = "aqua:anthropics/claude-code"
specifiers = ["latest"]

[tools.claude."platforms.linux-x64"]
checksum = "sha256:2749b0fc61cb5ff9a998431d30e9e447a2214b4c5393708db0800245dd3733eb"
url = "https://github.com/anthropics/claude-code/releases/download/v2.1.269/claude-linux-x64.tar.gz"
url_api = "https://api.github.com/repos/anthropics/claude-code/releases/assets/557750940"

[[tools.deno]]
version = "2.9.6"
backend = "core:deno"
specifiers = ["latest"]

[tools.deno."platforms.linux-arm64"]
checksum = "sha256:9a46afc6c392c7cd2ff71a31558935545b46408d0e87f7a86908c712721c046e"
url = "https://dl.deno.land/release/v2.9.6/deno-aarch64-unknown-linux-gnu.zip"

[tools.deno."platforms.linux-arm64-musl"]
checksum = "sha256:9a46afc6c392c7cd2ff71a31558935545b46408d0e87f7a86908c712721c046e"
url = "https://dl.deno.land/release/v2.9.6/deno-aarch64-unknown-linux-gnu.zip"

[tools.deno."platforms.linux-x64"]
checksum = "sha256:394f07f4da2bebe6ce6f1e7ce0fa16429b29b08c35e3fac3fe25972676dff4b2"
url = "https://dl.deno.land/release/v2.9.6/deno-x86_64-unknown-linux-gnu.zip"

[tools.deno."platforms.linux-x64-musl"]
checksum = "sha256:394f07f4da2bebe6ce6f1e7ce0fa16429b29b08c35e3fac3fe25972676dff4b2"
url = "https://dl.deno.land/release/v2.9.6/deno-x86_64-unknown-linux-gnu.zip"

[tools.deno."platforms.macos-arm64"]
checksum = "sha256:213a2f304f04d3c9cb5220669afad138f60a5aab1fe80962abdeb8f35807a472"
url = "https://dl.deno.land/release/v2.9.6/deno-aarch64-apple-darwin.zip"

[tools.deno."platforms.macos-x64"]
checksum = "sha256:7d4524b82bcc557fe020a1a5b56956ed42b992ae5b28026e8ad5d17329533f5f"
url = "https://dl.deno.land/release/v2.9.6/deno-x86_64-apple-darwin.zip"

[tools.deno."platforms.windows-x64"]
checksum = "sha256:15e5300b0ba3c3695a7621d90160a746ec9e710228cee639afa9d580f6e3cd11"
url = "https://dl.deno.land/release/v2.9.6/deno-x86_64-pc-windows-msvc.zip"

[[tools.gallery-dl]]
version = "1.32.12"
backend = "pipx:gallery-dl"
specifiers = ["latest"]

[[tools."github:adaszko/complgen"]]
version = "0.11.0"
backend = "github:adaszko/complgen"
specifiers = ["latest"]

[tools."github:adaszko/complgen"."platforms.linux-arm64"]
checksum = "sha256:d89585d770c4fc4bb23e9a81a779855a13f2350e9dff2c70d62b0a6b885b7123"
url = "https://github.com/adaszko/complgen/releases/download/v0.11.0/complgen-aarch64-unknown-linux-musl"
url_api = "https://api.github.com/repos/adaszko/complgen/releases/assets/522258354"

[tools."github:adaszko/complgen"."platforms.linux-arm64-musl"]
checksum = "sha256:d89585d770c4fc4bb23e9a81a779855a13f2350e9dff2c70d62b0a6b885b7123"
url = "https://github.com/adaszko/complgen/releases/download/v0.11.0/complgen-aarch64-unknown-linux-musl"
url_api = "https://api.github.com/repos/adaszko/complgen/releases/assets/522258354"

[tools."github:adaszko/complgen"."platforms.linux-x64"]
checksum = "sha256:63827fbba0e5f7c34f5b6434f0d23c3b5211a2dcd981c97008d1ecf9ae3da04f"
url = "https://github.com/adaszko/complgen/releases/download/v0.11.0/complgen-x86_64-unknown-linux-musl"
url_api = "https://api.github.com/repos/adaszko/complgen/releases/assets/522258952"

[tools."github:adaszko/complgen"."platforms.linux-x64-musl"]
checksum = "sha256:63827fbba0e5f7c34f5b6434f0d23c3b5211a2dcd981c97008d1ecf9ae3da04f"
url = "https://github.com/adaszko/complgen/releases/download/v0.11.0/complgen-x86_64-unknown-linux-musl"
url_api = "https://api.github.com/repos/adaszko/complgen/releases/assets/522258952"

[tools."github:adaszko/complgen"."platforms.macos-arm64"]
checksum = "sha256:e8b4ea0cada3360819172d846e0dfc3d0f5e7dfc7789eef072931c3a0e91e72f"
url = "https://github.com/adaszko/complgen/releases/download/v0.11.0/complgen-aarch64-apple-darwin"
url_api = "https://api.github.com/repos/adaszko/complgen/releases/assets/522258003"

[[tools."github:can1357/oh-my-pi"]]
version = "18.1.18"
backend = "github:can1357/oh-my-pi"
specifiers = ["latest"]

[tools."github:can1357/oh-my-pi"."platforms.linux-x64"]
checksum = "sha256:45421f9a5f112bc47cb9f77c4b4d7927631f8ff859624f821287ec854eb239fc"
url = "https://github.com/can1357/oh-my-pi/releases/download/v18.1.18/omp-linux-x64"
url_api = "https://api.github.com/repos/can1357/oh-my-pi/releases/assets/558067177"

[[tools."github:isorensen/hyprflow"]]
version = "0.2.1"
backend = "github:isorensen/hyprflow"
specifiers = ["latest"]

[tools."github:isorensen/hyprflow".options]
asset_pattern = "hyprflow"

[tools."github:isorensen/hyprflow"."platforms.linux-arm64"]
checksum = "sha256:7f76b84ec5b8bb756419658615b1128271f11d00bc998f49d7c49e72093fb9b1"
url = "https://github.com/isorensen/hyprflow/releases/download/v0.2.1/hyprflow"
url_api = "https://api.github.com/repos/isorensen/hyprflow/releases/assets/371753387"

[tools."github:isorensen/hyprflow"."platforms.linux-arm64-musl"]
checksum = "sha256:7f76b84ec5b8bb756419658615b1128271f11d00bc998f49d7c49e72093fb9b1"
url = "https://github.com/isorensen/hyprflow/releases/download/v0.2.1/hyprflow"
url_api = "https://api.github.com/repos/isorensen/hyprflow/releases/assets/371753387"

[tools."github:isorensen/hyprflow"."platforms.linux-x64"]
checksum = "sha256:7f76b84ec5b8bb756419658615b1128271f11d00bc998f49d7c49e72093fb9b1"
url = "https://github.com/isorensen/hyprflow/releases/download/v0.2.1/hyprflow"
url_api = "https://api.github.com/repos/isorensen/hyprflow/releases/assets/371753387"

[tools."github:isorensen/hyprflow"."platforms.linux-x64-musl"]
checksum = "sha256:7f76b84ec5b8bb756419658615b1128271f11d00bc998f49d7c49e72093fb9b1"
url = "https://github.com/isorensen/hyprflow/releases/download/v0.2.1/hyprflow"
url_api = "https://api.github.com/repos/isorensen/hyprflow/releases/assets/371753387"

[tools."github:isorensen/hyprflow"."platforms.macos-arm64"]
checksum = "sha256:7f76b84ec5b8bb756419658615b1128271f11d00bc998f49d7c49e72093fb9b1"
url = "https://github.com/isorensen/hyprflow/releases/download/v0.2.1/hyprflow"
url_api = "https://api.github.com/repos/isorensen/hyprflow/releases/assets/371753387"

[tools."github:isorensen/hyprflow"."platforms.macos-x64"]
checksum = "sha256:7f76b84ec5b8bb756419658615b1128271f11d00bc998f49d7c49e72093fb9b1"
url = "https://github.com/isorensen/hyprflow/releases/download/v0.2.1/hyprflow"
url_api = "https://api.github.com/repos/isorensen/hyprflow/releases/assets/371753387"

[tools."github:isorensen/hyprflow"."platforms.windows-x64"]
checksum = "sha256:7f76b84ec5b8bb756419658615b1128271f11d00bc998f49d7c49e72093fb9b1"
url = "https://github.com/isorensen/hyprflow/releases/download/v0.2.1/hyprflow"
url_api = "https://api.github.com/repos/isorensen/hyprflow/releases/assets/371753387"

[[tools."github:loichyan/nerdfix"]]
version = "0.4.2"
backend = "github:loichyan/nerdfix"
specifiers = ["latest"]

[tools."github:loichyan/nerdfix"."platforms.linux-arm64"]
checksum = "sha256:ea75ab6e9c0e8158fc4564fc0b0c145fe3da6b228789b57752ecc2c9c24664f4"
url = "https://github.com/loichyan/nerdfix/releases/download/v0.4.2/nerdfix-aarch64-unknown-linux-musl.tar.gz"
url_api = "https://api.github.com/repos/loichyan/nerdfix/releases/assets/208554390"

[tools."github:loichyan/nerdfix"."platforms.linux-arm64-musl"]
checksum = "sha256:ea75ab6e9c0e8158fc4564fc0b0c145fe3da6b228789b57752ecc2c9c24664f4"
url = "https://github.com/loichyan/nerdfix/releases/download/v0.4.2/nerdfix-aarch64-unknown-linux-musl.tar.gz"
url_api = "https://api.github.com/repos/loichyan/nerdfix/releases/assets/208554390"

[tools."github:loichyan/nerdfix"."platforms.linux-x64"]
checksum = "sha256:feb5b6e8c0973f7e095844b1b625a49d5f652ad7e257f1d16583a792253f6fd9"
url = "https://github.com/loichyan/nerdfix/releases/download/v0.4.2/nerdfix-x86_64-unknown-linux-musl.tar.gz"
url_api = "https://api.github.com/repos/loichyan/nerdfix/releases/assets/208554399"

[tools."github:loichyan/nerdfix"."platforms.linux-x64-musl"]
checksum = "sha256:feb5b6e8c0973f7e095844b1b625a49d5f652ad7e257f1d16583a792253f6fd9"
url = "https://github.com/loichyan/nerdfix/releases/download/v0.4.2/nerdfix-x86_64-unknown-linux-musl.tar.gz"
url_api = "https://api.github.com/repos/loichyan/nerdfix/releases/assets/208554399"

[tools."github:loichyan/nerdfix"."platforms.macos-arm64"]
checksum = "sha256:fe117fba14be952828df7b70f45c8848d6e872371a64808fb913709947c8c339"
url = "https://github.com/loichyan/nerdfix/releases/download/v0.4.2/nerdfix-aarch64-apple-darwin.tar.gz"
url_api = "https://api.github.com/repos/loichyan/nerdfix/releases/assets/208554389"

[tools."github:loichyan/nerdfix"."platforms.macos-x64"]
checksum = "sha256:3c41f34356e254d52bdc4860eeeb3c92c25f58b6c383707dcc2a0ad462732674"
url = "https://github.com/loichyan/nerdfix/releases/download/v0.4.2/nerdfix-x86_64-apple-darwin.tar.gz"
url_api = "https://api.github.com/repos/loichyan/nerdfix/releases/assets/208554391"

[tools."github:loichyan/nerdfix"."platforms.windows-x64"]
checksum = "sha256:207f91fa275f0155160a2ef823c114ed78b9ef857d5a6a94ecbb7b8224f6c0f5"
url = "https://github.com/loichyan/nerdfix/releases/download/v0.4.2/nerdfix-x86_64-pc-windows-msvc.zip"
url_api = "https://api.github.com/repos/loichyan/nerdfix/releases/assets/208554395"

[[tools."github:versenilvis/IRIS"]]
version = "0.7.0"
backend = "github:versenilvis/IRIS"
specifiers = ["latest"]

[tools."github:versenilvis/IRIS"."platforms.linux-arm64"]
checksum = "sha256:36629540423e25200ffd2cec1dc991069576289e2583c9874f4f311c61dc2e53"
url = "https://github.com/versenilvis/IRIS/releases/download/v0.7.0/iris_linux_arm64.tar.gz"
url_api = "https://api.github.com/repos/versenilvis/IRIS/releases/assets/544575950"

[tools."github:versenilvis/IRIS"."platforms.linux-arm64-musl"]
checksum = "sha256:36629540423e25200ffd2cec1dc991069576289e2583c9874f4f311c61dc2e53"
url = "https://github.com/versenilvis/IRIS/releases/download/v0.7.0/iris_linux_arm64.tar.gz"
url_api = "https://api.github.com/repos/versenilvis/IRIS/releases/assets/544575950"

[tools."github:versenilvis/IRIS"."platforms.linux-x64"]
checksum = "sha256:19cb128a4be12c8ed4792480c10bfd1c61a732df328e6d52c14147b3b83e6813"
url = "https://github.com/versenilvis/IRIS/releases/download/v0.7.0/iris_linux_amd64.tar.gz"
url_api = "https://api.github.com/repos/versenilvis/IRIS/releases/assets/544575948"

[tools."github:versenilvis/IRIS"."platforms.linux-x64-musl"]
checksum = "sha256:19cb128a4be12c8ed4792480c10bfd1c61a732df328e6d52c14147b3b83e6813"
url = "https://github.com/versenilvis/IRIS/releases/download/v0.7.0/iris_linux_amd64.tar.gz"
url_api = "https://api.github.com/repos/versenilvis/IRIS/releases/assets/544575948"

[tools."github:versenilvis/IRIS"."platforms.macos-arm64"]
checksum = "sha256:288a9537af3716477600c0494074077e1d093ffbce958ab9975ac90ed6dcc304"
url = "https://github.com/versenilvis/IRIS/releases/download/v0.7.0/iris_darwin_arm64.tar.gz"
url_api = "https://api.github.com/repos/versenilvis/IRIS/releases/assets/544575949"

[tools."github:versenilvis/IRIS"."platforms.macos-x64"]
checksum = "sha256:93ea4731ecf7cdebda326bbd41ecc08ae587c6c639ff49f05982da97113174fe"
url = "https://github.com/versenilvis/IRIS/releases/download/v0.7.0/iris_darwin_amd64.tar.gz"
url_api = "https://api.github.com/repos/versenilvis/IRIS/releases/assets/544575951"

[tools."github:versenilvis/IRIS"."platforms.windows-x64"]
checksum = "sha256:279e5833fd0e93dc625c22212081c11893d468b826c8667880687159293cef0e"
url = "https://github.com/versenilvis/IRIS/releases/download/v0.7.0/iris-0.7.0-vendor.tar.gz"
url_api = "https://api.github.com/repos/versenilvis/IRIS/releases/assets/544576022"

[[tools.go]]
version = "1.27.1"
backend = "core:go"
specifiers = ["latest"]

[tools.go."platforms.linux-arm64"]
checksum = "sha256:3450b45a3f9ee8568792736a5c5e70a1f2e9b36c35a8f74958c03e51d7d92bec"
url = "https://dl.google.com/go/go1.27.1.linux-arm64.tar.gz"

[tools.go."platforms.linux-arm64-musl"]
checksum = "sha256:3450b45a3f9ee8568792736a5c5e70a1f2e9b36c35a8f74958c03e51d7d92bec"
url = "https://dl.google.com/go/go1.27.1.linux-arm64.tar.gz"

[tools.go."platforms.linux-x64"]
checksum = "sha256:63d339f0da5ab53635a56f2490a7984dfe12dfcff22ad749f63edaf590168445"
url = "https://dl.google.com/go/go1.27.1.linux-amd64.tar.gz"

[tools.go."platforms.linux-x64-musl"]
checksum = "sha256:63d339f0da5ab53635a56f2490a7984dfe12dfcff22ad749f63edaf590168445"
url = "https://dl.google.com/go/go1.27.1.linux-amd64.tar.gz"

[tools.go."platforms.macos-arm64"]
checksum = "sha256:ee215d57e0ec269c60cc9ceca68e6bda321ba9ee5afe24f4b0988703c2d87d12"
url = "https://dl.google.com/go/go1.27.1.darwin-arm64.tar.gz"

[tools.go."platforms.macos-x64"]
checksum = "sha256:8f8f52c6649542cf027bbc9b9c68d1ec042f9f34808a40413f0b8b3f66f3caa4"
url = "https://dl.google.com/go/go1.27.1.darwin-amd64.tar.gz"

[tools.go."platforms.windows-x64"]
checksum = "sha256:a3911b5e0e1b1053f25ed0675f4c1c6aad1e2bfcf253df2b9be4caabd2edd95d"
url = "https://dl.google.com/go/go1.27.1.windows-amd64.zip"

[[tools."go:github.com/Gelio/go-global-update"]]
version = "0.2.5"
backend = "go:github.com/Gelio/go-global-update"
specifiers = ["latest"]

[[tools."go:golang.org/x/tools/gopls"]]
version = "0.23.0"
backend = "go:golang.org/x/tools/gopls"
specifiers = ["latest"]

[[tools.grex]]
version = "1.4.6"
backend = "aqua:pemistahl/grex"
specifiers = ["latest"]

[tools.grex."platforms.linux-x64"]
checksum = "sha256:8f02f4ebe72d9e3098c646b77f7bc53ec8a8c1fb51ed042db06b739d08e56af8"
url = "https://github.com/pemistahl/grex/releases/download/v1.4.6/grex-v1.4.6-x86_64-unknown-linux-musl.tar.gz"
url_api = "https://api.github.com/repos/pemistahl/grex/releases/assets/316379863"

[tools.grex."platforms.linux-x64-musl"]
checksum = "sha256:8f02f4ebe72d9e3098c646b77f7bc53ec8a8c1fb51ed042db06b739d08e56af8"
url = "https://github.com/pemistahl/grex/releases/download/v1.4.6/grex-v1.4.6-x86_64-unknown-linux-musl.tar.gz"
url_api = "https://api.github.com/repos/pemistahl/grex/releases/assets/316379863"

[tools.grex."platforms.macos-arm64"]
checksum = "sha256:a7d347a83fe600f0078dd539e316b5789200305f0707d60ae8964c36c24d9600"
url = "https://github.com/pemistahl/grex/releases/download/v1.4.6/grex-v1.4.6-x86_64-apple-darwin.tar.gz"
url_api = "https://api.github.com/repos/pemistahl/grex/releases/assets/316379495"

[tools.grex."platforms.macos-x64"]
checksum = "sha256:a7d347a83fe600f0078dd539e316b5789200305f0707d60ae8964c36c24d9600"
url = "https://github.com/pemistahl/grex/releases/download/v1.4.6/grex-v1.4.6-x86_64-apple-darwin.tar.gz"
url_api = "https://api.github.com/repos/pemistahl/grex/releases/assets/316379495"

[tools.grex."platforms.windows-x64"]
checksum = "sha256:7691dbb8e46339a15d8362b79b2456f508266cf00a55fe685ed69a6259577485"
url = "https://github.com/pemistahl/grex/releases/download/v1.4.6/grex-v1.4.6-x86_64-pc-windows-msvc.zip"
url_api = "https://api.github.com/repos/pemistahl/grex/releases/assets/316380164"

[[tools.gum]]
version = "2.0.1"
backend = "aqua:charmbracelet/gum"
specifiers = ["latest"]

[tools.gum."platforms.linux-x64"]
checksum = "sha256:4dfe4547f960813864c803b3617aa64427fa32ca566707fde949e08975297c48"
url = "https://github.com/charmbracelet/gum/releases/download/v2.0.1/gum_2.0.1_Linux_x86_64.tar.gz"
url_api = "https://api.github.com/repos/charmbracelet/gum/releases/assets/556563001"
provenance = "cosign"

[[tools.node]]
version = "24.21.0"
backend = "core:node"
specifiers = ["lts"]

[tools.node."platforms.linux-arm64"]
checksum = "sha256:724282c3b43aec998aa9527380465b45d229e021b58035f5f4f63095eabfe5d5"
url = "https://nodejs.org/dist/v24.21.0/node-v24.21.0-linux-arm64.tar.gz"

[tools.node."platforms.linux-arm64-musl"]
checksum = "sha256:3048b0811e158ca0d8672b59c839861763e144492980d8d29b369dfee45747e4"
url = "https://unofficial-builds.nodejs.org/download/release/v24.21.0/node-v24.21.0-linux-arm64-musl.tar.gz"

[tools.node."platforms.linux-x64"]
checksum = "sha256:6e1db87ef58b8819e5d5402eff1536491b18edd8eb7bee5ef7897876e88dc5ff"
url = "https://nodejs.org/dist/v24.21.0/node-v24.21.0-linux-x64.tar.gz"

[tools.node."platforms.linux-x64-musl"]
checksum = "sha256:01a713e34da98e7b4d2a3191ee7ca3f93dd0384d1a2ef23c379b2161ee6e133a"
url = "https://unofficial-builds.nodejs.org/download/release/v24.21.0/node-v24.21.0-linux-x64-musl.tar.gz"

[tools.node."platforms.macos-arm64"]
checksum = "sha256:bed7eea5325e1108f32ce5228ddd6a5f0f08a499ee42aa7442aea583702f6057"
url = "https://nodejs.org/dist/v24.21.0/node-v24.21.0-darwin-arm64.tar.gz"

[tools.node."platforms.macos-x64"]
checksum = "sha256:1462cb3b3046b815cf8ea436d3da450ec1a9f11dac7e5a46b0ada5305d7e8097"
url = "https://nodejs.org/dist/v24.21.0/node-v24.21.0-darwin-x64.tar.gz"

[tools.node."platforms.windows-x64"]
checksum = "sha256:158f7685b44de51f6c0df1d153526cbcd3e1bc739a8dfc607721cef75de9e541"
url = "https://nodejs.org/dist/v24.21.0/node-v24.21.0-win-x64.zip"

[[tools.node]]
version = "26.8.2"
backend = "core:node"
specifiers = ["latest"]

[tools.node."platforms.linux-arm64"]
checksum = "sha256:746cdbf21565b4ea06f77642bb0e85466de8bb722242be2c5e006f272c361c63"
url = "https://nodejs.org/dist/v26.8.2/node-v26.8.2-linux-arm64.tar.gz"

[tools.node."platforms.linux-arm64-musl"]
checksum = "sha256:125437a0b59d69592b8f4bb813a47245337afac8c973d15ab7720f0ec55d182d"
url = "https://unofficial-builds.nodejs.org/download/release/v26.8.2/node-v26.8.2-linux-arm64-musl.tar.gz"

[tools.node."platforms.linux-x64"]
checksum = "sha256:badb3fe6a61b85e1352ca6564dc56b8b7bd5ecd5c474c52acc21dd0cdd586f35"
url = "https://nodejs.org/dist/v26.8.2/node-v26.8.2-linux-x64.tar.gz"

[tools.node."platforms.linux-x64-musl"]
checksum = "sha256:696eb0180248a06c9893f3f07bcc4e2680891c83118c73aaf1de330efd053910"
url = "https://unofficial-builds.nodejs.org/download/release/v26.8.2/node-v26.8.2-linux-x64-musl.tar.gz"

[tools.node."platforms.macos-arm64"]
checksum = "sha256:974b6d5fb2fc7c33ff2354db0902b4e91c2de01ec8acc6de48e543c97e18c9e1"
url = "https://nodejs.org/dist/v26.8.2/node-v26.8.2-darwin-arm64.tar.gz"

[tools.node."platforms.macos-x64"]
checksum = "sha256:adb8feb2d4987df3d72d2ec46f4fc4b58039c859b8c3f0e3cc2d3c6cbaf8629c"
url = "https://nodejs.org/dist/v26.8.2/node-v26.8.2-darwin-x64.tar.gz"

[tools.node."platforms.windows-x64"]
checksum = "sha256:cf02f5d0c06c794b84f277177d5cf3743d0924ca49f6641cd435dd7cb6ee9085"
url = "https://nodejs.org/dist/v26.8.2/node-v26.8.2-win-x64.zip"

[[tools."npm:@nestjs/cli"]]
version = "12.0.0"
backend = "npm:@nestjs/cli"
specifiers = ["latest"]

[[tools."npm:aaja"]]
version = "1.0.6"
backend = "npm:aaja"
specifiers = ["latest"]

[[tools."npm:asdfui"]]
version = "1.0.14"
backend = "npm:asdfui"
specifiers = ["latest"]

[[tools."npm:autocannon"]]
version = "8.0.0"
backend = "npm:autocannon"
specifiers = ["latest"]

[[tools."npm:commitizen"]]
version = "4.3.2"
backend = "npm:commitizen"
specifiers = ["latest"]

[[tools."npm:cz-conventional-changelog"]]
version = "3.3.0"
backend = "npm:cz-conventional-changelog"
specifiers = ["latest"]

[[tools."npm:fallow"]]
version = "3.25.0"
backend = "npm:fallow"
specifiers = ["latest"]

[[tools."npm:freebuff"]]
version = "0.0.174"
backend = "npm:freebuff"
specifiers = ["latest"]

[[tools."npm:gitpick"]]
version = "6.1.1"
backend = "npm:gitpick"
specifiers = ["latest"]

[[tools."npm:json-server"]]
version = "1.0.0-beta.15"
backend = "npm:json-server"
specifiers = ["latest"]

[[tools."npm:localtunnel"]]
version = "2.0.2"
backend = "npm:localtunnel"
specifiers = ["latest"]

[[tools."npm:neovim"]]
version = "5.5.0"
backend = "npm:neovim"
specifiers = ["latest"]

[[tools."npm:nfdl"]]
version = "1.0.7"
backend = "npm:nfdl"
specifiers = ["latest"]

[[tools."npm:npkill"]]
version = "0.12.2"
backend = "npm:npkill"
specifiers = ["latest"]

[[tools."npm:omniroute"]]
version = "3.8.50"
backend = "npm:omniroute"
specifiers = ["latest"]

[[tools."npm:oxfmt"]]
version = "0.67.0"
backend = "npm:oxfmt"
specifiers = ["latest"]

[[tools."npm:oxlint"]]
version = "1.82.0"
backend = "npm:oxlint"
specifiers = ["latest"]

[[tools."npm:release-it"]]
version = "21.0.2"
backend = "npm:release-it"
specifiers = ["latest"]

[[tools."npm:sass"]]
version = "1.104.1"
backend = "npm:sass"
specifiers = ["latest"]

[[tools."npm:serve"]]
version = "14.2.6"
backend = "npm:serve"
specifiers = ["latest"]

[[tools."npm:taze"]]
version = "21.1.0"
backend = "npm:taze"
specifiers = ["latest"]

[[tools."npm:tree-sitter-cli"]]
version = "0.27.0"
backend = "npm:tree-sitter-cli"
specifiers = ["latest"]

[[tools."npm:types-installer"]]
version = "1.6.3"
backend = "npm:types-installer"
specifiers = ["latest"]

[[tools."npm:yarn"]]
version = "1.22.22"
backend = "npm:yarn"
specifiers = ["latest"]

[[tools.nub]]
version = "0.9.0"
backend = "npm:@nubjs/nub"
specifiers = ["latest"]

[tools.nub.options]
allow_builds = '["@nubjs/nub"]'

[[tools."pipx:git-filter-repo"]]
version = "2.47.0"
backend = "pipx:git-filter-repo"
specifiers = ["latest"]

[[tools."pipx:git-revise"]]
version = "0.8.0"
backend = "pipx:git-revise"
specifiers = ["latest"]

[[tools."pipx:glances"]]
version = "4.5.6"
backend = "pipx:glances"
specifiers = ["latest"]

[[tools."pipx:guessit"]]
version = "4.4.0"
backend = "pipx:guessit"
specifiers = ["latest"]

[[tools."pipx:instaloader"]]
version = "4.15.3"
backend = "pipx:instaloader"
specifiers = ["latest"]

[[tools."pipx:iredis"]]
version = "1.16.1"
backend = "pipx:iredis"
specifiers = ["latest"]

[[tools."pipx:notebook"]]
version = "7.6.2"
backend = "pipx:notebook"
specifiers = ["latest"]

[[tools."pipx:subliminal"]]
version = "2.7.1"
backend = "pipx:subliminal"
specifiers = ["latest"]

[[tools."pipx:urlscan"]]
version = "1.1.2"
backend = "pipx:urlscan"
specifiers = ["latest"]

[[tools."pipx:xxh-xxh"]]
version = "0.8.14"
backend = "pipx:xxh-xxh"
specifiers = ["latest"]

[[tools."pipx:yt-dlp"]]
version = "2026.8.30.232658.dev0"
backend = "pipx:yt-dlp"
specifiers = ["latest"]

[[tools.pnpm]]
version = "12.4.1"
backend = "aqua:pnpm/pnpm"
specifiers = ["latest"]

[tools.pnpm."platforms.linux-x64"]
checksum = "sha256:66e9886299085dade56e203ae0e3586f35787f8801a68d33ec07ac17b0de2001"
url = "https://github.com/pnpm/pnpm/releases/download/v12.4.1/pnpm-linux-x64.tar.gz"
url_api = "https://api.github.com/repos/pnpm/pnpm/releases/assets/555427214"
provenance = "github-attestations"

[[tools.prek]]
version = "0.5.2"
backend = "aqua:j178/prek"
specifiers = ["latest"]

[tools.prek."platforms.linux-arm64"]
checksum = "sha256:e9fb7d5e1ecab022c897ffdaa347a96a898c932584f03c8546c9965acb9d5a33"
url = "https://github.com/j178/prek/releases/download/v0.5.2/prek-aarch64-unknown-linux-gnu.tar.gz"
url_api = "https://api.github.com/repos/j178/prek/releases/assets/541547305"
provenance = "github-attestations"

[tools.prek."platforms.linux-arm64-musl"]
checksum = "sha256:ffc9334cdac13b2df716d391353d5e8307c06a08c135b844dabd3781c4c6518b"
url = "https://github.com/j178/prek/releases/download/v0.5.2/prek-aarch64-unknown-linux-musl.tar.gz"
url_api = "https://api.github.com/repos/j178/prek/releases/assets/541547315"
provenance = "github-attestations"

[tools.prek."platforms.linux-x64"]
checksum = "sha256:a4d51a463cb15ee2929368cc4884eec4ef33dce3ff5101b40e8ad7e1205b8f40"
url = "https://github.com/j178/prek/releases/download/v0.5.2/prek-x86_64-unknown-linux-gnu.tar.gz"
url_api = "https://api.github.com/repos/j178/prek/releases/assets/541547346"
provenance = "github-attestations"

[tools.prek."platforms.linux-x64-musl"]
checksum = "sha256:6b4f5c74a621d71f8dba09a9c0669f0d9488207805861c8a7d5f6b15201d4771"
url = "https://github.com/j178/prek/releases/download/v0.5.2/prek-x86_64-unknown-linux-musl.tar.gz"
url_api = "https://api.github.com/repos/j178/prek/releases/assets/541547355"
provenance = "github-attestations"

[tools.prek."platforms.macos-arm64"]
checksum = "sha256:f3ef7692f8873c36d9437c77389833d3165fbe705ea66e53e169d83a89055f9b"
url = "https://github.com/j178/prek/releases/download/v0.5.2/prek-aarch64-apple-darwin.tar.gz"
url_api = "https://api.github.com/repos/j178/prek/releases/assets/541547294"
provenance = "github-attestations"

[tools.prek."platforms.macos-x64"]
checksum = "sha256:5dfd123b8cf15f51dc8cbff6f12b674448b19a684ff1696db20f963ec2417e11"
url = "https://github.com/j178/prek/releases/download/v0.5.2/prek-x86_64-apple-darwin.tar.gz"
url_api = "https://api.github.com/repos/j178/prek/releases/assets/541547333"
provenance = "github-attestations"

[tools.prek."platforms.windows-x64"]
checksum = "sha256:03b6a7261d3a7e2d184ceca9c7e5fcb43b9dec83c8945976cddc3caa8b34b4c0"
url = "https://github.com/j178/prek/releases/download/v0.5.2/prek-x86_64-pc-windows-msvc.zip"
url_api = "https://api.github.com/repos/j178/prek/releases/assets/541547341"
provenance = "github-attestations"

[[tools.ruby]]
version = "4.0.6"
backend = "core:ruby"
specifiers = ["latest"]

[tools.ruby."platforms.windows-x64"]
checksum = "sha256:328d7a86bea2f4c432783025050c9ffa1c36fcfc54ebccc466b63450ec3af223"
url = "https://github.com/oneclick/rubyinstaller2/releases/download/RubyInstaller-4.0.6-1/rubyinstaller-4.0.6-1-x64.7z"

[[tools.ruby]]
version = "4.0.6"
backend = "core:ruby"
specifiers = ["latest"]

[tools.ruby.options]
compile = "false"
precompiled_url = "jdx/ruby"
ruby_build_repo = "https://github.com/rbenv/ruby-build.git"
ruby_install = "false"

[tools.ruby."platforms.linux-arm64"]
checksum = "sha256:6144c26cd5a1ff85358beb7e68e592ada6d0319aa8093cf353465d60f10aa970"
url = "https://github.com/jdx/ruby/releases/download/4.0.6-1/ruby-4.0.6.arm64_linux.tar.gz"
provenance = "github-attestations"

[tools.ruby."platforms.linux-arm64-musl"]
checksum = "sha256:837d299e8f7ddf2be31a229a7a7e019d354979825117989acb3b32b1a9be262a"
url = "https://cache.ruby-lang.org/pub/ruby/4.0/ruby-4.0.6.tar.gz"

[tools.ruby."platforms.linux-x64"]
checksum = "sha256:aefa111873bac3b15c5c416bfaaca84e793d5312d4496d651ad79c44521b200a"
url = "https://github.com/jdx/ruby/releases/download/4.0.6-1/ruby-4.0.6.x86_64_linux.tar.gz"
provenance = "github-attestations"

[tools.ruby."platforms.linux-x64-musl"]
checksum = "sha256:837d299e8f7ddf2be31a229a7a7e019d354979825117989acb3b32b1a9be262a"
url = "https://cache.ruby-lang.org/pub/ruby/4.0/ruby-4.0.6.tar.gz"

[tools.ruby."platforms.macos-arm64"]
checksum = "sha256:518c5849d7ab337790943963ded4f0b402d2d4ededea265288a5a19d4c8fee18"
url = "https://github.com/jdx/ruby/releases/download/4.0.6-1/ruby-4.0.6.macos.tar.gz"
provenance = "github-attestations"

[tools.ruby."platforms.macos-x64"]
checksum = "sha256:837d299e8f7ddf2be31a229a7a7e019d354979825117989acb3b32b1a9be262a"
url = "https://cache.ruby-lang.org/pub/ruby/4.0/ruby-4.0.6.tar.gz"

[[tools.ruff]]
version = "0.16.7"
backend = "aqua:astral-sh/ruff"
specifiers = ["latest"]

[tools.ruff."platforms.linux-x64"]
checksum = "sha256:73894c7b7c9a53fd66ed715eb3a1ec65077f316328e377057a98bdb7fcba0326"
url = "https://github.com/astral-sh/ruff/releases/download/0.16.7/ruff-x86_64-unknown-linux-gnu.tar.gz"
url_api = "https://api.github.com/repos/astral-sh/ruff/releases/assets/555530800"
provenance = "github-attestations"

[[tools.rust]]
version = "1.98.1"
backend = "core:rust"
specifiers = ["latest"]

[[tools.typos]]
version = "1.50.1"
backend = "aqua:crate-ci/typos"
specifiers = ["latest"]

[tools.typos."platforms.linux-arm64"]
checksum = "sha256:a48feb58c517977ca953e634507c72819d64df8717c33ced3e43868d174fd39e"
url = "https://github.com/crate-ci/typos/releases/download/v1.50.1/typos-v1.50.1-aarch64-unknown-linux-musl.tar.gz"
url_api = "https://api.github.com/repos/crate-ci/typos/releases/assets/539857357"

[tools.typos."platforms.linux-arm64-musl"]
checksum = "sha256:a48feb58c517977ca953e634507c72819d64df8717c33ced3e43868d174fd39e"
url = "https://github.com/crate-ci/typos/releases/download/v1.50.1/typos-v1.50.1-aarch64-unknown-linux-musl.tar.gz"
url_api = "https://api.github.com/repos/crate-ci/typos/releases/assets/539857357"

[tools.typos."platforms.linux-x64"]
checksum = "sha256:edf0545109aee6a22751d04ddecb97c45be47d3aa0409564fb895eeeace91b1e"
url = "https://github.com/crate-ci/typos/releases/download/v1.50.1/typos-v1.50.1-x86_64-unknown-linux-musl.tar.gz"
url_api = "https://api.github.com/repos/crate-ci/typos/releases/assets/539858793"

[tools.typos."platforms.linux-x64-musl"]
checksum = "sha256:edf0545109aee6a22751d04ddecb97c45be47d3aa0409564fb895eeeace91b1e"
url = "https://github.com/crate-ci/typos/releases/download/v1.50.1/typos-v1.50.1-x86_64-unknown-linux-musl.tar.gz"
url_api = "https://api.github.com/repos/crate-ci/typos/releases/assets/539858793"

[tools.typos."platforms.macos-arm64"]
checksum = "sha256:2c940734b44b6e199e165278b662b7e17c68f068471a2a8a5e491ce635414ae6"
url = "https://github.com/crate-ci/typos/releases/download/v1.50.1/typos-v1.50.1-aarch64-apple-darwin.tar.gz"
url_api = "https://api.github.com/repos/crate-ci/typos/releases/assets/539861019"

[tools.typos."platforms.macos-x64"]
checksum = "sha256:b31ccf2f21154b2bc8d2a84f395f746106edda0feec4817fbecdb12216df53bd"
url = "https://github.com/crate-ci/typos/releases/download/v1.50.1/typos-v1.50.1-x86_64-apple-darwin.tar.gz"
url_api = "https://api.github.com/repos/crate-ci/typos/releases/assets/539861041"

[tools.typos."platforms.windows-x64"]
checksum = "sha256:8740867a0d9e44a62f0803e37a669ec3c6cd17ab63cd49d00e14a96d3e03ccc3"
url = "https://github.com/crate-ci/typos/releases/download/v1.50.1/typos-v1.50.1-x86_64-pc-windows-msvc.zip"
url_api = "https://api.github.com/repos/crate-ci/typos/releases/assets/539862554"

[[tools.usage]]
version = "6.8.0"
backend = "packslip:github.com/jdx/usage"
specifiers = ["latest"]

[tools.usage."platforms.linux-arm64"]
checksum = "sha256:5ac012d6a7a1aaa5049e22afb77c3ec76768c2203d323d6d26a7b494ddccc780"
url = "https://github.com/jdx/usage/releases/download/v6.8.0/usage-aarch64-unknown-linux-gnu.tar.gz"
signer = "sigstore-oidc:https://github.com/jdx/usage/.github/workflows/publish-cli.yml"

[tools.usage."platforms.linux-arm64-musl"]
checksum = "sha256:a9b15be628824117d03d1ca2b7e1a42b5acfd5b8d1a6bfeffaa8256f2616a66e"
url = "https://github.com/jdx/usage/releases/download/v6.8.0/usage-aarch64-unknown-linux-musl.tar.gz"
signer = "sigstore-oidc:https://github.com/jdx/usage/.github/workflows/publish-cli.yml"

[tools.usage."platforms.linux-x64"]
checksum = "sha256:468c27b16302250cf74f2bddb0d0539b958ae3a391d226acc73bdd714c2a18cb"
url = "https://github.com/jdx/usage/releases/download/v6.8.0/usage-x86_64-unknown-linux-gnu.tar.gz"
signer = "sigstore-oidc:https://github.com/jdx/usage/.github/workflows/publish-cli.yml"

[tools.usage."platforms.linux-x64-musl"]
checksum = "sha256:62b44e6d10e636e4ff1e5f56366d84475d8282990a5882499cae658e95b99f32"
url = "https://github.com/jdx/usage/releases/download/v6.8.0/usage-x86_64-unknown-linux-musl.tar.gz"
signer = "sigstore-oidc:https://github.com/jdx/usage/.github/workflows/publish-cli.yml"

[tools.usage."platforms.macos-arm64"]
checksum = "sha256:f6bfe2e5353e02769d3f6902d06db1cb201f84124df08465fd4826f9ce7ba632"
url = "https://github.com/jdx/usage/releases/download/v6.8.0/usage-universal-apple-darwin.tar.gz"
signer = "sigstore-oidc:https://github.com/jdx/usage/.github/workflows/publish-cli.yml"

[tools.usage."platforms.macos-x64"]
checksum = "sha256:f6bfe2e5353e02769d3f6902d06db1cb201f84124df08465fd4826f9ce7ba632"
url = "https://github.com/jdx/usage/releases/download/v6.8.0/usage-universal-apple-darwin.tar.gz"
signer = "sigstore-oidc:https://github.com/jdx/usage/.github/workflows/publish-cli.yml"

[tools.usage."platforms.windows-x64"]
checksum = "sha256:f97cf597bef4a2a643b38abcb02e2d47622e658fccf17fd5d1a97df9fac17b78"
url = "https://github.com/jdx/usage/releases/download/v6.8.0/usage-x86_64-pc-windows-msvc.zip"
signer = "sigstore-oidc:https://github.com/jdx/usage/.github/workflows/publish-cli.yml"

[[tools.uv]]
version = "0.12.13"
backend = "aqua:astral-sh/uv"
specifiers = ["latest"]

[tools.uv."platforms.linux-x64"]
checksum = "sha256:745765a3b6e360ad76743599ae5c42e9278c7edf8bbff9fc76d05bf2623a04dd"
url = "https://github.com/astral-sh/uv/releases/download/0.12.13/uv-x86_64-unknown-linux-gnu.tar.gz"
url_api = "https://api.github.com/repos/astral-sh/uv/releases/assets/555670375"
provenance = "github-attestations"
