# @generated - this file is auto-generated by `mise lock` https://mise.jdx.dev/dev-tools/mise-lock.html

lockfile_version = 1

[[tools.cargo-binstall]]
version = "1.23.0"
backend = "aqua:cargo-bins/cargo-binstall"
specifiers = ["latest"]

[tools.cargo-binstall."platforms.linux-arm64"]
checksum = "sha256:c458cfe9534d1958f159fc17b5f50e839297b4ee752b23ffdd80c5e15a734c42"
url = "https://github.com/cargo-bins/cargo-binstall/releases/download/v1.23.0/cargo-binstall-aarch64-unknown-linux-gnu.tgz"
url_api = "https://api.github.com/repos/cargo-bins/cargo-binstall/releases/assets/546062641"
provenance = "github-attestations"

[tools.cargo-binstall."platforms.linux-arm64-musl"]
checksum = "sha256:ba9b7bf426c7b7375825cd3fa367c3f8a632ca7c6c546fdcb738114b167f4103"
url = "https://github.com/cargo-bins/cargo-binstall/releases/download/v1.23.0/cargo-binstall-aarch64-unknown-linux-musl.tgz"
url_api = "https://api.github.com/repos/cargo-bins/cargo-binstall/releases/assets/546062597"
provenance = "github-attestations"

[tools.cargo-binstall."platforms.linux-x64"]
checksum = "sha256:cdada45ad6bb501185ab309f5eef3f628b6bc44460746565cb3e0c7538815bf3"
url = "https://github.com/cargo-bins/cargo-binstall/releases/download/v1.23.0/cargo-binstall-x86_64-unknown-linux-gnu.tgz"
url_api = "https://api.github.com/repos/cargo-bins/cargo-binstall/releases/assets/546062151"
provenance = "github-attestations"

[tools.cargo-binstall."platforms.linux-x64-musl"]
checksum = "sha256:64bf954c68bb558431deeabecaec7687edd5541c2189ee263bb8bc18bc4fdf55"
url = "https://github.com/cargo-bins/cargo-binstall/releases/download/v1.23.0/cargo-binstall-x86_64-unknown-linux-musl.tgz"
url_api = "https://api.github.com/repos/cargo-bins/cargo-binstall/releases/assets/546062088"
provenance = "github-attestations"

[tools.cargo-binstall."platforms.macos-arm64"]
checksum = "sha256:0f679c0bc992c6b84fdcbb0f65492588447d26596ef387cb6cb1ba41ad8ceb33"
url = "https://github.com/cargo-bins/cargo-binstall/releases/download/v1.23.0/cargo-binstall-aarch64-apple-darwin.zip"
url_api = "https://api.github.com/repos/cargo-bins/cargo-binstall/releases/assets/546062768"
provenance = "github-attestations"

[tools.cargo-binstall."platforms.macos-x64"]
checksum = "sha256:5b4d6cd99651318e17a26ed9bab7505de0f496d88793a7735a0fc6e2079efe83"
url = "https://github.com/cargo-bins/cargo-binstall/releases/download/v1.23.0/cargo-binstall-x86_64-apple-darwin.zip"
url_api = "https://api.github.com/repos/cargo-bins/cargo-binstall/releases/assets/546062270"
provenance = "github-attestations"

[tools.cargo-binstall."platforms.windows-x64"]
checksum = "sha256:f4641479477aca40387e88297e3813fab8e44a8d21f25faa44e0ff33e2bc1726"
url = "https://github.com/cargo-bins/cargo-binstall/releases/download/v1.23.0/cargo-binstall-x86_64-pc-windows-msvc.zip"
url_api = "https://api.github.com/repos/cargo-bins/cargo-binstall/releases/assets/546062212"
provenance = "github-attestations"

[[tools."cargo:cargo-update"]]
version = "22.1.1"
backend = "cargo:cargo-update"
specifiers = ["latest"]

[[tools."cargo:momoisay"]]
version = "0.1.0"
backend = "cargo:momoisay"
specifiers = ["latest"]

[[tools.claude]]
version = "2.1.272"
backend = "aqua:anthropics/claude-code"
specifiers = ["latest"]

[tools.claude."platforms.linux-arm64"]
checksum = "sha256:e9c157be5f0855a895a7f0fd56f81b27c1c21a005bbb6174ccbb00cca0503a06"
url = "https://github.com/anthropics/claude-code/releases/download/v2.1.272/claude-linux-arm64.tar.gz"
url_api = "https://api.github.com/repos/anthropics/claude-code/releases/assets/564448713"

[tools.claude."platforms.linux-arm64-musl"]
checksum = "sha256:7542300b91def98be1bf9d0be989e859cf6f18ecee51c2b71e050ab097bacfcd"
url = "https://github.com/anthropics/claude-code/releases/download/v2.1.272/claude-linux-arm64-musl.tar.gz"
url_api = "https://api.github.com/repos/anthropics/claude-code/releases/assets/564448711"

[tools.claude."platforms.linux-x64"]
checksum = "sha256:acc3cefd4db54379e309568c122a6a99a10f4662187bbc3698d3d00bc599ad2e"
url = "https://github.com/anthropics/claude-code/releases/download/v2.1.272/claude-linux-x64.tar.gz"
url_api = "https://api.github.com/repos/anthropics/claude-code/releases/assets/564448861"

[tools.claude."platforms.linux-x64-musl"]
checksum = "sha256:28a78bc6e3a70717fea0459faab46a9a28e3f7738c9e2e2c6f9316b2dc3b90ca"
url = "https://github.com/anthropics/claude-code/releases/download/v2.1.272/claude-linux-x64-musl.tar.gz"
url_api = "https://api.github.com/repos/anthropics/claude-code/releases/assets/564448712"

[tools.claude."platforms.macos-arm64"]
checksum = "sha256:3254b8926b112e5af92dbb9c3840fb33187678c9638807e31f7f9b100bc8c6d5"
url = "https://github.com/anthropics/claude-code/releases/download/v2.1.272/claude-darwin-arm64.tar.gz"
url_api = "https://api.github.com/repos/anthropics/claude-code/releases/assets/564448719"

[tools.claude."platforms.macos-x64"]
checksum = "sha256:f37f6b1550eae8a26754df6250d4e57c3edd382bb726c865d04564d18ce8d984"
url = "https://github.com/anthropics/claude-code/releases/download/v2.1.272/claude-darwin-x64.tar.gz"
url_api = "https://api.github.com/repos/anthropics/claude-code/releases/assets/564448715"

[tools.claude."platforms.windows-x64"]
checksum = "sha256:bc601f964df16e2a2902b7d376c5051c47b0f31d060677f89d2d0dc52be57d91"
url = "https://github.com/anthropics/claude-code/releases/download/v2.1.272/claude-win32-x64.zip"
url_api = "https://api.github.com/repos/anthropics/claude-code/releases/assets/564448873"

[[tools.deno]]
version = "2.9.6"
backend = "core:deno"
specifiers = ["latest"]

[tools.deno."platforms.linux-arm64"]
checksum = "sha256:9a46afc6c392c7cd2ff71a31558935545b46408d0e87f7a86908c712721c046e"
url = "https://dl.deno.land/release/v2.9.6/deno-aarch64-unknown-linux-gnu.zip"

[tools.deno."platforms.linux-arm64-musl"]
checksum = "sha256:9a46afc6c392c7cd2ff71a31558935545b46408d0e87f7a86908c712721c046e"
url = "https://dl.deno.land/release/v2.9.6/deno-aarch64-unknown-linux-gnu.zip"

[tools.deno."platforms.linux-x64"]
checksum = "sha256:394f07f4da2bebe6ce6f1e7ce0fa16429b29b08c35e3fac3fe25972676dff4b2"
url = "https://dl.deno.land/release/v2.9.6/deno-x86_64-unknown-linux-gnu.zip"

[tools.deno."platforms.linux-x64-musl"]
checksum = "sha256:394f07f4da2bebe6ce6f1e7ce0fa16429b29b08c35e3fac3fe25972676dff4b2"
url = "https://dl.deno.land/release/v2.9.6/deno-x86_64-unknown-linux-gnu.zip"

[tools.deno."platforms.macos-arm64"]
checksum = "sha256:213a2f304f04d3c9cb5220669afad138f60a5aab1fe80962abdeb8f35807a472"
url = "https://dl.deno.land/release/v2.9.6/deno-aarch64-apple-darwin.zip"

[tools.deno."platforms.macos-x64"]
checksum = "sha256:7d4524b82bcc557fe020a1a5b56956ed42b992ae5b28026e8ad5d17329533f5f"
url = "https://dl.deno.land/release/v2.9.6/deno-x86_64-apple-darwin.zip"

[tools.deno."platforms.windows-x64"]
checksum = "sha256:15e5300b0ba3c3695a7621d90160a746ec9e710228cee639afa9d580f6e3cd11"
url = "https://dl.deno.land/release/v2.9.6/deno-x86_64-pc-windows-msvc.zip"

[[tools.gallery-dl]]
version = "1.32.12"
backend = "pipx:gallery-dl"
specifiers = ["latest"]

[[tools."github:adaszko/complgen"]]
version = "0.11.0"
backend = "github:adaszko/complgen"
specifiers = ["latest"]

[tools."github:adaszko/complgen"."platforms.linux-arm64"]
checksum = "sha256:d89585d770c4fc4bb23e9a81a779855a13f2350e9dff2c70d62b0a6b885b7123"
url = "https://github.com/adaszko/complgen/releases/download/v0.11.0/complgen-aarch64-unknown-linux-musl"
url_api = "https://api.github.com/repos/adaszko/complgen/releases/assets/522258354"

[tools."github:adaszko/complgen"."platforms.linux-arm64-musl"]
checksum = "sha256:d89585d770c4fc4bb23e9a81a779855a13f2350e9dff2c70d62b0a6b885b7123"
url = "https://github.com/adaszko/complgen/releases/download/v0.11.0/complgen-aarch64-unknown-linux-musl"
url_api = "https://api.github.com/repos/adaszko/complgen/releases/assets/522258354"

[tools."github:adaszko/complgen"."platforms.linux-x64"]
checksum = "sha256:63827fbba0e5f7c34f5b6434f0d23c3b5211a2dcd981c97008d1ecf9ae3da04f"
url = "https://github.com/adaszko/complgen/releases/download/v0.11.0/complgen-x86_64-unknown-linux-musl"
url_api = "https://api.github.com/repos/adaszko/complgen/releases/assets/522258952"

[tools."github:adaszko/complgen"."platforms.linux-x64-musl"]
checksum = "sha256:63827fbba0e5f7c34f5b6434f0d23c3b5211a2dcd981c97008d1ecf9ae3da04f"
url = "https://github.com/adaszko/complgen/releases/download/v0.11.0/complgen-x86_64-unknown-linux-musl"
url_api = "https://api.github.com/repos/adaszko/complgen/releases/assets/522258952"

[tools."github:adaszko/complgen"."platforms.macos-arm64"]
checksum = "sha256:e8b4ea0cada3360819172d846e0dfc3d0f5e7dfc7789eef072931c3a0e91e72f"
url = "https://github.com/adaszko/complgen/releases/download/v0.11.0/complgen-aarch64-apple-darwin"
url_api = "https://api.github.com/repos/adaszko/complgen/releases/assets/522258003"

[[tools."github:can1357/oh-my-pi"]]
version = "18.2.0"
backend = "github:can1357/oh-my-pi"
specifiers = ["latest"]

[tools."github:can1357/oh-my-pi"."platforms.linux-arm64"]
checksum = "sha256:afd6884b192290d02ff79008e891cabee326dea23e853af549aff8ce88064566"
url = "https://github.com/can1357/oh-my-pi/releases/download/v18.2.0/omp-linux-arm64"
url_api = "https://api.github.com/repos/can1357/oh-my-pi/releases/assets/564899261"

[tools."github:can1357/oh-my-pi"."platforms.linux-arm64-musl"]
checksum = "sha256:d34cb50415482467487caf7b50618c49c75312391eeee447287729655fae9580"
url = "https://github.com/can1357/oh-my-pi/releases/download/v18.2.0/omp-linux-musl-arm64"
url_api = "https://api.github.com/repos/can1357/oh-my-pi/releases/assets/564899264"

[tools."github:can1357/oh-my-pi"."platforms.linux-x64"]
checksum = "sha256:41b67a43f18a7cd33cc0dd772a4fa042cd20ab6c57e6bd451ff6dbe55a7978d8"
url = "https://github.com/can1357/oh-my-pi/releases/download/v18.2.0/omp-linux-x64"
url_api = "https://api.github.com/repos/can1357/oh-my-pi/releases/assets/564899255"

[tools."github:can1357/oh-my-pi"."platforms.linux-x64-musl"]
checksum = "sha256:4b2e7497db566a20d7a9a52aa614b9ec95cc24d1432c08c674ee03ed2e4ab9dc"
url = "https://github.com/can1357/oh-my-pi/releases/download/v18.2.0/omp-linux-musl-x64"
url_api = "https://api.github.com/repos/can1357/oh-my-pi/releases/assets/564899260"

[tools."github:can1357/oh-my-pi"."platforms.macos-arm64"]
checksum = "sha256:87e028cdcff34e4aa3cbca667c34914496fe3ba6394e818dafabcda3866d8df4"
url = "https://github.com/can1357/oh-my-pi/releases/download/v18.2.0/omp-darwin-arm64"
url_api = "https://api.github.com/repos/can1357/oh-my-pi/releases/assets/564899267"

[tools."github:can1357/oh-my-pi"."platforms.macos-x64"]
checksum = "sha256:44d48c225f6662f82c599db297dcc93aedf88d4847ce208ce498259a9130d648"
url = "https://github.com/can1357/oh-my-pi/releases/download/v18.2.0/omp-darwin-x64"
url_api = "https://api.github.com/repos/can1357/oh-my-pi/releases/assets/564899257"

[tools."github:can1357/oh-my-pi"."platforms.windows-x64"]
checksum = "sha256:128df4420e9778a9a0712e7969919b782ab47aed04d000efe28ac4cb3e04b071"
url = "https://github.com/can1357/oh-my-pi/releases/download/v18.2.0/omp-windows-x64.exe"
url_api = "https://api.github.com/repos/can1357/oh-my-pi/releases/assets/564899265"

[[tools."github:isorensen/hyprflow"]]
version = "0.2.1"
backend = "github:isorensen/hyprflow"
specifiers = ["latest"]

[tools."github:isorensen/hyprflow".options]
asset_pattern = "hyprflow"

[tools."github:isorensen/hyprflow"."platforms.linux-arm64"]
checksum = "sha256:7f76b84ec5b8bb756419658615b1128271f11d00bc998f49d7c49e72093fb9b1"
url = "https://github.com/isorensen/hyprflow/releases/download/v0.2.1/hyprflow"
url_api = "https://api.github.com/repos/isorensen/hyprflow/releases/assets/371753387"

[tools."github:isorensen/hyprflow"."platforms.linux-arm64-musl"]
checksum = "sha256:7f76b84ec5b8bb756419658615b1128271f11d00bc998f49d7c49e72093fb9b1"
url = "https://github.com/isorensen/hyprflow/releases/download/v0.2.1/hyprflow"
url_api = "https://api.github.com/repos/isorensen/hyprflow/releases/assets/371753387"

[tools."github:isorensen/hyprflow"."platforms.linux-x64"]
checksum = "sha256:7f76b84ec5b8bb756419658615b1128271f11d00bc998f49d7c49e72093fb9b1"
url = "https://github.com/isorensen/hyprflow/releases/download/v0.2.1/hyprflow"
url_api = "https://api.github.com/repos/isorensen/hyprflow/releases/assets/371753387"

[tools."github:isorensen/hyprflow"."platforms.linux-x64-musl"]
checksum = "sha256:7f76b84ec5b8bb756419658615b1128271f11d00bc998f49d7c49e72093fb9b1"
url = "https://github.com/isorensen/hyprflow/releases/download/v0.2.1/hyprflow"
url_api = "https://api.github.com/repos/isorensen/hyprflow/releases/assets/371753387"

[tools."github:isorensen/hyprflow"."platforms.macos-arm64"]
checksum = "sha256:7f76b84ec5b8bb756419658615b1128271f11d00bc998f49d7c49e72093fb9b1"
url = "https://github.com/isorensen/hyprflow/releases/download/v0.2.1/hyprflow"
url_api = "https://api.github.com/repos/isorensen/hyprflow/releases/assets/371753387"

[tools."github:isorensen/hyprflow"."platforms.macos-x64"]
checksum = "sha256:7f76b84ec5b8bb756419658615b1128271f11d00bc998f49d7c49e72093fb9b1"
url = "https://github.com/isorensen/hyprflow/releases/download/v0.2.1/hyprflow"
url_api = "https://api.github.com/repos/isorensen/hyprflow/releases/assets/371753387"

[tools."github:isorensen/hyprflow"."platforms.windows-x64"]
checksum = "sha256:7f76b84ec5b8bb756419658615b1128271f11d00bc998f49d7c49e72093fb9b1"
url = "https://github.com/isorensen/hyprflow/releases/download/v0.2.1/hyprflow"
url_api = "https://api.github.com/repos/isorensen/hyprflow/releases/assets/371753387"

[[tools."github:loichyan/nerdfix"]]
version = "0.4.2"
backend = "github:loichyan/nerdfix"
specifiers = ["latest"]

[tools."github:loichyan/nerdfix"."platforms.linux-arm64"]
checksum = "sha256:ea75ab6e9c0e8158fc4564fc0b0c145fe3da6b228789b57752ecc2c9c24664f4"
url = "https://github.com/loichyan/nerdfix/releases/download/v0.4.2/nerdfix-aarch64-unknown-linux-musl.tar.gz"
url_api = "https://api.github.com/repos/loichyan/nerdfix/releases/assets/208554390"

[tools."github:loichyan/nerdfix"."platforms.linux-arm64-musl"]
checksum = "sha256:ea75ab6e9c0e8158fc4564fc0b0c145fe3da6b228789b57752ecc2c9c24664f4"
url = "https://github.com/loichyan/nerdfix/releases/download/v0.4.2/nerdfix-aarch64-unknown-linux-musl.tar.gz"
url_api = "https://api.github.com/repos/loichyan/nerdfix/releases/assets/208554390"

[tools."github:loichyan/nerdfix"."platforms.linux-x64"]
checksum = "sha256:feb5b6e8c0973f7e095844b1b625a49d5f652ad7e257f1d16583a792253f6fd9"
url = "https://github.com/loichyan/nerdfix/releases/download/v0.4.2/nerdfix-x86_64-unknown-linux-musl.tar.gz"
url_api = "https://api.github.com/repos/loichyan/nerdfix/releases/assets/208554399"

[tools."github:loichyan/nerdfix"."platforms.linux-x64-musl"]
checksum = "sha256:feb5b6e8c0973f7e095844b1b625a49d5f652ad7e257f1d16583a792253f6fd9"
url = "https://github.com/loichyan/nerdfix/releases/download/v0.4.2/nerdfix-x86_64-unknown-linux-musl.tar.gz"
url_api = "https://api.github.com/repos/loichyan/nerdfix/releases/assets/208554399"

[tools."github:loichyan/nerdfix"."platforms.macos-arm64"]
checksum = "sha256:fe117fba14be952828df7b70f45c8848d6e872371a64808fb913709947c8c339"
url = "https://github.com/loichyan/nerdfix/releases/download/v0.4.2/nerdfix-aarch64-apple-darwin.tar.gz"
url_api = "https://api.github.com/repos/loichyan/nerdfix/releases/assets/208554389"

[tools."github:loichyan/nerdfix"."platforms.macos-x64"]
checksum = "sha256:3c41f34356e254d52bdc4860eeeb3c92c25f58b6c383707dcc2a0ad462732674"
url = "https://github.com/loichyan/nerdfix/releases/download/v0.4.2/nerdfix-x86_64-apple-darwin.tar.gz"
url_api = "https://api.github.com/repos/loichyan/nerdfix/releases/assets/208554391"

[tools."github:loichyan/nerdfix"."platforms.windows-x64"]
checksum = "sha256:207f91fa275f0155160a2ef823c114ed78b9ef857d5a6a94ecbb7b8224f6c0f5"
url = "https://github.com/loichyan/nerdfix/releases/download/v0.4.2/nerdfix-x86_64-pc-windows-msvc.zip"
url_api = "https://api.github.com/repos/loichyan/nerdfix/releases/assets/208554395"

[[tools."github:rubiin/projecto"]]
version = "1.1.0"
backend = "github:rubiin/projecto"
specifiers = ["latest"]

[tools."github:rubiin/projecto"."platforms.linux-arm64"]
checksum = "sha256:2de9eed19f6b52d3ca5e31402d44472aed23f14c1446e9fbf92b61c487290399"
url = "https://github.com/rubiin/projecto/releases/download/v1.1.0/projecto_Linux_arm64.tar.gz"
url_api = "https://api.github.com/repos/rubiin/projecto/releases/assets/561102233"

[tools."github:rubiin/projecto"."platforms.linux-arm64-musl"]
checksum = "sha256:2de9eed19f6b52d3ca5e31402d44472aed23f14c1446e9fbf92b61c487290399"
url = "https://github.com/rubiin/projecto/releases/download/v1.1.0/projecto_Linux_arm64.tar.gz"
url_api = "https://api.github.com/repos/rubiin/projecto/releases/assets/561102233"

[tools."github:rubiin/projecto"."platforms.linux-x64"]
checksum = "sha256:877bb2f08219bcf57a492a5d6707fda93813dba1d635a71bd552f7c34282a194"
url = "https://github.com/rubiin/projecto/releases/download/v1.1.0/projecto_Linux_x86_64.tar.gz"
url_api = "https://api.github.com/repos/rubiin/projecto/releases/assets/561102235"

[tools."github:rubiin/projecto"."platforms.linux-x64-musl"]
checksum = "sha256:877bb2f08219bcf57a492a5d6707fda93813dba1d635a71bd552f7c34282a194"
url = "https://github.com/rubiin/projecto/releases/download/v1.1.0/projecto_Linux_x86_64.tar.gz"
url_api = "https://api.github.com/repos/rubiin/projecto/releases/assets/561102235"

[tools."github:rubiin/projecto"."platforms.macos-arm64"]
checksum = "sha256:148844c8c49c0f58655675ce81ec4c56d5880c430a8fbae6846ffc135c4f7bad"
url = "https://github.com/rubiin/projecto/releases/download/v1.1.0/projecto_Darwin_arm64.tar.gz"
url_api = "https://api.github.com/repos/rubiin/projecto/releases/assets/561102203"

[tools."github:rubiin/projecto"."platforms.macos-x64"]
checksum = "sha256:d614e2a3c1b206f238e37924fce082977124b29f0a7a9185e689fa80d4b2bda6"
url = "https://github.com/rubiin/projecto/releases/download/v1.1.0/projecto_Darwin_x86_64.tar.gz"
url_api = "https://api.github.com/repos/rubiin/projecto/releases/assets/561102209"

[tools."github:rubiin/projecto"."platforms.windows-x64"]
checksum = "sha256:0468e7b543ab5af81727e484917c9bb860f9f92c27b789ace82b2521665ff808"
url = "https://github.com/rubiin/projecto/releases/download/v1.1.0/projecto_Windows_x86_64.zip"
url_api = "https://api.github.com/repos/rubiin/projecto/releases/assets/561102232"

[[tools."github:versenilvis/IRIS"]]
version = "0.7.0"
backend = "github:versenilvis/IRIS"
specifiers = ["latest"]

[tools."github:versenilvis/IRIS"."platforms.linux-arm64"]
checksum = "sha256:36629540423e25200ffd2cec1dc991069576289e2583c9874f4f311c61dc2e53"
url = "https://github.com/versenilvis/IRIS/releases/download/v0.7.0/iris_linux_arm64.tar.gz"
url_api = "https://api.github.com/repos/versenilvis/IRIS/releases/assets/544575950"

[tools."github:versenilvis/IRIS"."platforms.linux-arm64-musl"]
checksum = "sha256:36629540423e25200ffd2cec1dc991069576289e2583c9874f4f311c61dc2e53"
url = "https://github.com/versenilvis/IRIS/releases/download/v0.7.0/iris_linux_arm64.tar.gz"
url_api = "https://api.github.com/repos/versenilvis/IRIS/releases/assets/544575950"

[tools."github:versenilvis/IRIS"."platforms.linux-x64"]
checksum = "sha256:19cb128a4be12c8ed4792480c10bfd1c61a732df328e6d52c14147b3b83e6813"
url = "https://github.com/versenilvis/IRIS/releases/download/v0.7.0/iris_linux_amd64.tar.gz"
url_api = "https://api.github.com/repos/versenilvis/IRIS/releases/assets/544575948"

[tools."github:versenilvis/IRIS"."platforms.linux-x64-musl"]
checksum = "sha256:19cb128a4be12c8ed4792480c10bfd1c61a732df328e6d52c14147b3b83e6813"
url = "https://github.com/versenilvis/IRIS/releases/download/v0.7.0/iris_linux_amd64.tar.gz"
url_api = "https://api.github.com/repos/versenilvis/IRIS/releases/assets/544575948"

[tools."github:versenilvis/IRIS"."platforms.macos-arm64"]
checksum = "sha256:288a9537af3716477600c0494074077e1d093ffbce958ab9975ac90ed6dcc304"
url = "https://github.com/versenilvis/IRIS/releases/download/v0.7.0/iris_darwin_arm64.tar.gz"
url_api = "https://api.github.com/repos/versenilvis/IRIS/releases/assets/544575949"

[tools."github:versenilvis/IRIS"."platforms.macos-x64"]
checksum = "sha256:93ea4731ecf7cdebda326bbd41ecc08ae587c6c639ff49f05982da97113174fe"
url = "https://github.com/versenilvis/IRIS/releases/download/v0.7.0/iris_darwin_amd64.tar.gz"
url_api = "https://api.github.com/repos/versenilvis/IRIS/releases/assets/544575951"

[tools."github:versenilvis/IRIS"."platforms.windows-x64"]
checksum = "sha256:279e5833fd0e93dc625c22212081c11893d468b826c8667880687159293cef0e"
url = "https://github.com/versenilvis/IRIS/releases/download/v0.7.0/iris-0.7.0-vendor.tar.gz"
url_api = "https://api.github.com/repos/versenilvis/IRIS/releases/assets/544576022"

[[tools.go]]
version = "1.27.1"
backend = "core:go"
specifiers = ["latest"]

[tools.go."platforms.linux-arm64"]
checksum = "sha256:3450b45a3f9ee8568792736a5c5e70a1f2e9b36c35a8f74958c03e51d7d92bec"
url = "https://dl.google.com/go/go1.27.1.linux-arm64.tar.gz"

[tools.go."platforms.linux-arm64-musl"]
checksum = "sha256:3450b45a3f9ee8568792736a5c5e70a1f2e9b36c35a8f74958c03e51d7d92bec"
url = "https://dl.google.com/go/go1.27.1.linux-arm64.tar.gz"

[tools.go."platforms.linux-x64"]
checksum = "sha256:63d339f0da5ab53635a56f2490a7984dfe12dfcff22ad749f63edaf590168445"
url = "https://dl.google.com/go/go1.27.1.linux-amd64.tar.gz"

[tools.go."platforms.linux-x64-musl"]
checksum = "sha256:63d339f0da5ab53635a56f2490a7984dfe12dfcff22ad749f63edaf590168445"
url = "https://dl.google.com/go/go1.27.1.linux-amd64.tar.gz"

[tools.go."platforms.macos-arm64"]
checksum = "sha256:ee215d57e0ec269c60cc9ceca68e6bda321ba9ee5afe24f4b0988703c2d87d12"
url = "https://dl.google.com/go/go1.27.1.darwin-arm64.tar.gz"

[tools.go."platforms.macos-x64"]
checksum = "sha256:8f8f52c6649542cf027bbc9b9c68d1ec042f9f34808a40413f0b8b3f66f3caa4"
url = "https://dl.google.com/go/go1.27.1.darwin-amd64.tar.gz"

[tools.go."platforms.windows-x64"]
checksum = "sha256:a3911b5e0e1b1053f25ed0675f4c1c6aad1e2bfcf253df2b9be4caabd2edd95d"
url = "https://dl.google.com/go/go1.27.1.windows-amd64.zip"

[[tools."go:github.com/Gelio/go-global-update"]]
version = "0.2.5"
backend = "go:github.com/Gelio/go-global-update"
specifiers = ["latest"]

[[tools."go:golang.org/x/tools/gopls"]]
version = "0.23.0"
backend = "go:golang.org/x/tools/gopls"
specifiers = ["latest"]

[[tools.golangci-lint]]
version = "2.13.2"
backend = "aqua:golangci/golangci-lint"
specifiers = ["latest"]

[tools.golangci-lint."platforms.linux-arm64"]
checksum = "sha256:a2a4e0065aa41be71f7c5ac90f271b61751331e5d04314e62afe4027855f0893"
url = "https://github.com/golangci/golangci-lint/releases/download/v2.13.2/golangci-lint-2.13.2-linux-arm64.tar.gz"
url_api = "https://api.github.com/repos/golangci/golangci-lint/releases/assets/532995442"
provenance = "github-attestations"

[tools.golangci-lint."platforms.linux-arm64-musl"]
checksum = "sha256:a2a4e0065aa41be71f7c5ac90f271b61751331e5d04314e62afe4027855f0893"
url = "https://github.com/golangci/golangci-lint/releases/download/v2.13.2/golangci-lint-2.13.2-linux-arm64.tar.gz"
url_api = "https://api.github.com/repos/golangci/golangci-lint/releases/assets/532995442"
provenance = "github-attestations"

[tools.golangci-lint."platforms.linux-x64"]
checksum = "sha256:2277d43b98ec0054280f2ac26b53268bae97682444678a59a657dd565da021d6"
url = "https://github.com/golangci/golangci-lint/releases/download/v2.13.2/golangci-lint-2.13.2-linux-amd64.tar.gz"
url_api = "https://api.github.com/repos/golangci/golangci-lint/releases/assets/532995333"
provenance = "github-attestations"

[tools.golangci-lint."platforms.linux-x64-musl"]
checksum = "sha256:2277d43b98ec0054280f2ac26b53268bae97682444678a59a657dd565da021d6"
url = "https://github.com/golangci/golangci-lint/releases/download/v2.13.2/golangci-lint-2.13.2-linux-amd64.tar.gz"
url_api = "https://api.github.com/repos/golangci/golangci-lint/releases/assets/532995333"
provenance = "github-attestations"

[tools.golangci-lint."platforms.macos-arm64"]
checksum = "sha256:f4bf83f0b64f055c42b28fc9a38861839f69c096e61c788e72dfaae412011789"
url = "https://github.com/golangci/golangci-lint/releases/download/v2.13.2/golangci-lint-2.13.2-darwin-arm64.tar.gz"
url_api = "https://api.github.com/repos/golangci/golangci-lint/releases/assets/532995398"
provenance = "github-attestations"

[tools.golangci-lint."platforms.macos-x64"]
checksum = "sha256:8a13aaf9cbbb1dee52824e862cf0d0720e5bb97c1f4260d1e51623a09492b57b"
url = "https://github.com/golangci/golangci-lint/releases/download/v2.13.2/golangci-lint-2.13.2-darwin-amd64.tar.gz"
url_api = "https://api.github.com/repos/golangci/golangci-lint/releases/assets/532995222"
provenance = "github-attestations"

[tools.golangci-lint."platforms.windows-x64"]
checksum = "sha256:4735fdc8e84a0cfb7a15a1c364a650942f88215e0d36c674ebc4024f7b554524"
url = "https://github.com/golangci/golangci-lint/releases/download/v2.13.2/golangci-lint-2.13.2-windows-amd64.zip"
url_api = "https://api.github.com/repos/golangci/golangci-lint/releases/assets/532995335"
provenance = "github-attestations"

[[tools.goreleaser]]
version = "2.18.1"
backend = "aqua:goreleaser/goreleaser"
specifiers = ["latest"]

[tools.goreleaser."platforms.linux-x64"]
checksum = "sha256:0c6122af0ad8fd65638889bf7d3757148b2f80eeff9f079682f0655df66ec8e8"
url = "https://github.com/goreleaser/goreleaser/releases/download/v2.18.1/goreleaser_Linux_x86_64.tar.gz"
url_api = "https://api.github.com/repos/goreleaser/goreleaser/releases/assets/546377081"
provenance = "github-attestations"

[[tools.grex]]
version = "1.4.6"
backend = "aqua:pemistahl/grex"
specifiers = ["latest"]

[tools.grex."platforms.linux-x64"]
checksum = "sha256:8f02f4ebe72d9e3098c646b77f7bc53ec8a8c1fb51ed042db06b739d08e56af8"
url = "https://github.com/pemistahl/grex/releases/download/v1.4.6/grex-v1.4.6-x86_64-unknown-linux-musl.tar.gz"
url_api = "https://api.github.com/repos/pemistahl/grex/releases/assets/316379863"

[tools.grex."platforms.linux-x64-musl"]
checksum = "sha256:8f02f4ebe72d9e3098c646b77f7bc53ec8a8c1fb51ed042db06b739d08e56af8"
url = "https://github.com/pemistahl/grex/releases/download/v1.4.6/grex-v1.4.6-x86_64-unknown-linux-musl.tar.gz"
url_api = "https://api.github.com/repos/pemistahl/grex/releases/assets/316379863"

[tools.grex."platforms.macos-arm64"]
checksum = "sha256:a7d347a83fe600f0078dd539e316b5789200305f0707d60ae8964c36c24d9600"
url = "https://github.com/pemistahl/grex/releases/download/v1.4.6/grex-v1.4.6-x86_64-apple-darwin.tar.gz"
url_api = "https://api.github.com/repos/pemistahl/grex/releases/assets/316379495"

[tools.grex."platforms.macos-x64"]
checksum = "sha256:a7d347a83fe600f0078dd539e316b5789200305f0707d60ae8964c36c24d9600"
url = "https://github.com/pemistahl/grex/releases/download/v1.4.6/grex-v1.4.6-x86_64-apple-darwin.tar.gz"
url_api = "https://api.github.com/repos/pemistahl/grex/releases/assets/316379495"

[tools.grex."platforms.windows-x64"]
checksum = "sha256:7691dbb8e46339a15d8362b79b2456f508266cf00a55fe685ed69a6259577485"
url = "https://github.com/pemistahl/grex/releases/download/v1.4.6/grex-v1.4.6-x86_64-pc-windows-msvc.zip"
url_api = "https://api.github.com/repos/pemistahl/grex/releases/assets/316380164"

[[tools.gum]]
version = "2.0.1"
backend = "aqua:charmbracelet/gum"
specifiers = ["latest"]

[tools.gum."platforms.linux-arm64"]
checksum = "sha256:6998202a8fea27bb2007f69e44ec5dcb4cff5268c62d995de857eee0e2cd52cb"
url = "https://github.com/charmbracelet/gum/releases/download/v2.0.1/gum_2.0.1_Linux_arm64.tar.gz"
url_api = "https://api.github.com/repos/charmbracelet/gum/releases/assets/556562997"
provenance = "cosign"

[tools.gum."platforms.linux-arm64-musl"]
checksum = "sha256:6998202a8fea27bb2007f69e44ec5dcb4cff5268c62d995de857eee0e2cd52cb"
url = "https://github.com/charmbracelet/gum/releases/download/v2.0.1/gum_2.0.1_Linux_arm64.tar.gz"
url_api = "https://api.github.com/repos/charmbracelet/gum/releases/assets/556562997"
provenance = "cosign"

[tools.gum."platforms.linux-x64"]
checksum = "sha256:4dfe4547f960813864c803b3617aa64427fa32ca566707fde949e08975297c48"
url = "https://github.com/charmbracelet/gum/releases/download/v2.0.1/gum_2.0.1_Linux_x86_64.tar.gz"
url_api = "https://api.github.com/repos/charmbracelet/gum/releases/assets/556563001"
provenance = "cosign"

[tools.gum."platforms.linux-x64-musl"]
checksum = "sha256:4dfe4547f960813864c803b3617aa64427fa32ca566707fde949e08975297c48"
url = "https://github.com/charmbracelet/gum/releases/download/v2.0.1/gum_2.0.1_Linux_x86_64.tar.gz"
url_api = "https://api.github.com/repos/charmbracelet/gum/releases/assets/556563001"
provenance = "cosign"

[tools.gum."platforms.macos-arm64"]
checksum = "sha256:994662daab6fcfe9dcfc57d87ca42bcae2948d86fa864f9010a3848fa9bb7d6e"
url = "https://github.com/charmbracelet/gum/releases/download/v2.0.1/gum_2.0.1_Darwin_arm64.tar.gz"
url_api = "https://api.github.com/repos/charmbracelet/gum/releases/assets/556563007"
provenance = "cosign"

[tools.gum."platforms.macos-x64"]
checksum = "sha256:4d125b60fbaa28ef1674bb16f3859ed4e813acb027a79d24603b598ea4a0b71f"
url = "https://github.com/charmbracelet/gum/releases/download/v2.0.1/gum_2.0.1_Darwin_x86_64.tar.gz"
url_api = "https://api.github.com/repos/charmbracelet/gum/releases/assets/556562991"
provenance = "cosign"

[tools.gum."platforms.windows-x64"]
checksum = "sha256:1d5e49d02339c185849992f4d1c49af337ac84933360341e3588100d34664f38"
url = "https://github.com/charmbracelet/gum/releases/download/v2.0.1/gum_2.0.1_Windows_x86_64.zip"
url_api = "https://api.github.com/repos/charmbracelet/gum/releases/assets/556563050"
provenance = "cosign"

[[tools.node]]
version = "24.21.0"
backend = "core:node"
specifiers = ["lts"]

[tools.node."platforms.linux-arm64"]
checksum = "sha256:724282c3b43aec998aa9527380465b45d229e021b58035f5f4f63095eabfe5d5"
url = "https://nodejs.org/dist/v24.21.0/node-v24.21.0-linux-arm64.tar.gz"

[tools.node."platforms.linux-arm64-musl"]
checksum = "sha256:3048b0811e158ca0d8672b59c839861763e144492980d8d29b369dfee45747e4"
url = "https://unofficial-builds.nodejs.org/download/release/v24.21.0/node-v24.21.0-linux-arm64-musl.tar.gz"

[tools.node."platforms.linux-x64"]
checksum = "sha256:6e1db87ef58b8819e5d5402eff1536491b18edd8eb7bee5ef7897876e88dc5ff"
url = "https://nodejs.org/dist/v24.21.0/node-v24.21.0-linux-x64.tar.gz"

[tools.node."platforms.linux-x64-musl"]
checksum = "sha256:01a713e34da98e7b4d2a3191ee7ca3f93dd0384d1a2ef23c379b2161ee6e133a"
url = "https://unofficial-builds.nodejs.org/download/release/v24.21.0/node-v24.21.0-linux-x64-musl.tar.gz"

[tools.node."platforms.macos-arm64"]
checksum = "sha256:bed7eea5325e1108f32ce5228ddd6a5f0f08a499ee42aa7442aea583702f6057"
url = "https://nodejs.org/dist/v24.21.0/node-v24.21.0-darwin-arm64.tar.gz"

[tools.node."platforms.macos-x64"]
checksum = "sha256:1462cb3b3046b815cf8ea436d3da450ec1a9f11dac7e5a46b0ada5305d7e8097"
url = "https://nodejs.org/dist/v24.21.0/node-v24.21.0-darwin-x64.tar.gz"

[tools.node."platforms.windows-x64"]
checksum = "sha256:158f7685b44de51f6c0df1d153526cbcd3e1bc739a8dfc607721cef75de9e541"
url = "https://nodejs.org/dist/v24.21.0/node-v24.21.0-win-x64.zip"

[[tools.node]]
version = "26.8.2"
backend = "core:node"
specifiers = ["latest"]

[[tools."npm:@nestjs/cli"]]
version = "12.0.1"
backend = "npm:@nestjs/cli"
specifiers = ["latest"]

[[tools."npm:aaja"]]
version = "1.0.6"
backend = "npm:aaja"
specifiers = ["latest"]

[[tools."npm:asdfui"]]
version = "1.0.14"
backend = "npm:asdfui"
specifiers = ["latest"]

[[tools."npm:autocannon"]]
version = "8.0.0"
backend = "npm:autocannon"
specifiers = ["latest"]

[[tools."npm:commitizen"]]
version = "4.3.2"
backend = "npm:commitizen"
specifiers = ["latest"]

[[tools."npm:cz-conventional-changelog"]]
version = "3.3.0"
backend = "npm:cz-conventional-changelog"
specifiers = ["latest"]

[[tools."npm:fallow"]]
version = "3.25.0"
backend = "npm:fallow"
specifiers = ["latest"]

[[tools."npm:freebuff"]]
version = "0.0.175"
backend = "npm:freebuff"
specifiers = ["latest"]

[[tools."npm:gitpick"]]
version = "6.1.1"
backend = "npm:gitpick"
specifiers = ["latest"]

[[tools."npm:json-server"]]
version = "1.0.0-beta.15"
backend = "npm:json-server"
specifiers = ["latest"]

[[tools."npm:localtunnel"]]
version = "2.0.2"
backend = "npm:localtunnel"
specifiers = ["latest"]

[[tools."npm:neovim"]]
version = "5.5.0"
backend = "npm:neovim"
specifiers = ["latest"]

[[tools."npm:nfdl"]]
version = "1.0.7"
backend = "npm:nfdl"
specifiers = ["latest"]

[[tools."npm:npkill"]]
version = "0.12.2"
backend = "npm:npkill"
specifiers = ["latest"]

[[tools."npm:omniroute"]]
version = "3.8.50"
backend = "npm:omniroute"
specifiers = ["latest"]

[[tools."npm:oxfmt"]]
version = "0.68.0"
backend = "npm:oxfmt"
specifiers = ["latest"]

[[tools."npm:oxlint"]]
version = "1.83.0"
backend = "npm:oxlint"
specifiers = ["latest"]

[[tools."npm:release-it"]]
version = "21.0.3"
backend = "npm:release-it"
specifiers = ["latest"]

[[tools."npm:sass"]]
version = "1.104.1"
backend = "npm:sass"
specifiers = ["latest"]

[[tools."npm:serve"]]
version = "14.2.6"
backend = "npm:serve"
specifiers = ["latest"]

[[tools."npm:taze"]]
version = "21.1.0"
backend = "npm:taze"
specifiers = ["latest"]

[[tools."npm:tree-sitter-cli"]]
version = "0.27.0"
backend = "npm:tree-sitter-cli"
specifiers = ["latest"]

[[tools."npm:types-installer"]]
version = "1.6.3"
backend = "npm:types-installer"
specifiers = ["latest"]

[[tools."npm:yarn"]]
version = "1.22.22"
backend = "npm:yarn"
specifiers = ["latest"]

[[tools.nub]]
version = "0.9.0"
backend = "npm:@nubjs/nub"
specifiers = ["latest"]

[tools.nub.options]
allow_builds = '["@nubjs/nub"]'

[[tools."pipx:git-filter-repo"]]
version = "2.47.0"
backend = "pipx:git-filter-repo"
specifiers = ["latest"]

[[tools."pipx:git-revise"]]
version = "0.8.0"
backend = "pipx:git-revise"
specifiers = ["latest"]

[[tools."pipx:glances"]]
version = "4.5.6"
backend = "pipx:glances"
specifiers = ["latest"]

[[tools."pipx:guessit"]]
version = "4.4.0"
backend = "pipx:guessit"
specifiers = ["latest"]

[[tools."pipx:instaloader"]]
version = "4.15.3"
backend = "pipx:instaloader"
specifiers = ["latest"]

[[tools."pipx:iredis"]]
version = "1.16.1"
backend = "pipx:iredis"
specifiers = ["latest"]

[[tools."pipx:notebook"]]
version = "7.6.2"
backend = "pipx:notebook"
specifiers = ["latest"]

[[tools."pipx:subliminal"]]
version = "2.7.1"
backend = "pipx:subliminal"
specifiers = ["latest"]

[[tools."pipx:urlscan"]]
version = "1.1.2"
backend = "pipx:urlscan"
specifiers = ["latest"]

[[tools."pipx:xxh-xxh"]]
version = "0.8.14"
backend = "pipx:xxh-xxh"
specifiers = ["latest"]

[[tools."pipx:yt-dlp"]]
version = "2026.8.30.232658.dev0"
backend = "pipx:yt-dlp"
specifiers = ["latest"]

[[tools.pnpm]]
version = "12.4.2"
backend = "aqua:pnpm/pnpm"
specifiers = ["latest"]

[[tools.prek]]
version = "0.5.3"
backend = "aqua:j178/prek"
specifiers = ["latest"]

[tools.prek."platforms.linux-arm64"]
checksum = "sha256:4cfc936895e8b4e1e2f92daca61bb7c8eb123bac14585ba9f706b599776cdcc8"
url = "https://github.com/j178/prek/releases/download/v0.5.3/prek-aarch64-unknown-linux-gnu.tar.gz"
url_api = "https://api.github.com/repos/j178/prek/releases/assets/560889195"
provenance = "github-attestations"

[tools.prek."platforms.linux-arm64-musl"]
checksum = "sha256:ad3fe48802a02ec82286ab842c4a09a4e1db765e402f1fcc016f75b6929ec480"
url = "https://github.com/j178/prek/releases/download/v0.5.3/prek-aarch64-unknown-linux-musl.tar.gz"
url_api = "https://api.github.com/repos/j178/prek/releases/assets/560889200"
provenance = "github-attestations"

[tools.prek."platforms.linux-x64"]
checksum = "sha256:c1475ddc56df0003c780557d9b52273d9eb19c9ef8d91143f3ce03511182a36e"
url = "https://github.com/j178/prek/releases/download/v0.5.3/prek-x86_64-unknown-linux-gnu.tar.gz"
url_api = "https://api.github.com/repos/j178/prek/releases/assets/560889224"
provenance = "github-attestations"

[tools.prek."platforms.linux-x64-musl"]
checksum = "sha256:d4eae1f31c0817d0a9bfa532d4bb66df60a8b01f121def002021915e826c3d1f"
url = "https://github.com/j178/prek/releases/download/v0.5.3/prek-x86_64-unknown-linux-musl.tar.gz"
url_api = "https://api.github.com/repos/j178/prek/releases/assets/560889232"
provenance = "github-attestations"

[tools.prek."platforms.macos-arm64"]
checksum = "sha256:6006cc4e69cfc86d55f4e407ca60ba960a521befa54fece94038639b1f4de381"
url = "https://github.com/j178/prek/releases/download/v0.5.3/prek-aarch64-apple-darwin.tar.gz"
url_api = "https://api.github.com/repos/j178/prek/releases/assets/560889174"
provenance = "github-attestations"

[tools.prek."platforms.macos-x64"]
checksum = "sha256:874f05d12e7cb672758295b5253dfd05aadad3c2bcaa42ae712b917294629b07"
url = "https://github.com/j178/prek/releases/download/v0.5.3/prek-x86_64-apple-darwin.tar.gz"
url_api = "https://api.github.com/repos/j178/prek/releases/assets/560889217"
provenance = "github-attestations"

[tools.prek."platforms.windows-x64"]
checksum = "sha256:c15a5636bf93a3937507d8da2302b074b0946b3d35882471b002ea93586728d8"
url = "https://github.com/j178/prek/releases/download/v0.5.3/prek-x86_64-pc-windows-msvc.zip"
url_api = "https://api.github.com/repos/j178/prek/releases/assets/560889220"
provenance = "github-attestations"

[[tools.ruby]]
version = "4.0.7"
backend = "core:ruby"

[tools.ruby."platforms.windows-x64"]
checksum = "sha256:7a9be96d3448ecbd9a81eccae1f619131dfcc761f2c98dded03ece6c05d0474f"
url = "https://github.com/oneclick/rubyinstaller2/releases/download/RubyInstaller-4.0.7-1/rubyinstaller-4.0.7-1-x64.7z"

[[tools.ruby]]
version = "4.0.7"
backend = "core:ruby"
specifiers = ["latest"]

[tools.ruby.options]
compile = "false"
precompiled_url = "jdx/ruby"
ruby_build_repo = "https://github.com/rbenv/ruby-build.git"
ruby_install = "false"

[tools.ruby."platforms.linux-arm64"]
checksum = "sha256:911ace20f90d068ca0e4dda6d0e4f0f81e52e52f2dd4f4004c721e253412e82d"
url = "https://cache.ruby-lang.org/pub/ruby/4.0/ruby-4.0.7.tar.gz"

[tools.ruby."platforms.linux-arm64-musl"]
checksum = "sha256:911ace20f90d068ca0e4dda6d0e4f0f81e52e52f2dd4f4004c721e253412e82d"
url = "https://cache.ruby-lang.org/pub/ruby/4.0/ruby-4.0.7.tar.gz"

[tools.ruby."platforms.linux-x64"]
checksum = "sha256:911ace20f90d068ca0e4dda6d0e4f0f81e52e52f2dd4f4004c721e253412e82d"
url = "https://cache.ruby-lang.org/pub/ruby/4.0/ruby-4.0.7.tar.gz"

[tools.ruby."platforms.linux-x64-musl"]
checksum = "sha256:911ace20f90d068ca0e4dda6d0e4f0f81e52e52f2dd4f4004c721e253412e82d"
url = "https://cache.ruby-lang.org/pub/ruby/4.0/ruby-4.0.7.tar.gz"

[tools.ruby."platforms.macos-arm64"]
checksum = "sha256:911ace20f90d068ca0e4dda6d0e4f0f81e52e52f2dd4f4004c721e253412e82d"
url = "https://cache.ruby-lang.org/pub/ruby/4.0/ruby-4.0.7.tar.gz"

[tools.ruby."platforms.macos-x64"]
checksum = "sha256:911ace20f90d068ca0e4dda6d0e4f0f81e52e52f2dd4f4004c721e253412e82d"
url = "https://cache.ruby-lang.org/pub/ruby/4.0/ruby-4.0.7.tar.gz"

[[tools.ruff]]
version = "0.16.7"
backend = "aqua:astral-sh/ruff"
specifiers = ["latest"]

[tools.ruff."platforms.linux-arm64"]
checksum = "sha256:1e06b11127c28387c8066da4ce6a617a84a359591be09dbf581fbb0c3e006239"
url = "https://github.com/astral-sh/ruff/releases/download/0.16.7/ruff-aarch64-unknown-linux-gnu.tar.gz"
url_api = "https://api.github.com/repos/astral-sh/ruff/releases/assets/555530686"
provenance = "github-attestations"

[tools.ruff."platforms.linux-arm64-musl"]
checksum = "sha256:dd669efe4ac74ffd5842b26147c36cdd6c93b9cf0d10d5e53c12ec5b44f540bd"
url = "https://github.com/astral-sh/ruff/releases/download/0.16.7/ruff-aarch64-unknown-linux-musl.tar.gz"
url_api = "https://api.github.com/repos/astral-sh/ruff/releases/assets/555530691"
provenance = "github-attestations"

[tools.ruff."platforms.linux-x64"]
checksum = "sha256:73894c7b7c9a53fd66ed715eb3a1ec65077f316328e377057a98bdb7fcba0326"
url = "https://github.com/astral-sh/ruff/releases/download/0.16.7/ruff-x86_64-unknown-linux-gnu.tar.gz"
url_api = "https://api.github.com/repos/astral-sh/ruff/releases/assets/555530800"
provenance = "github-attestations"

[tools.ruff."platforms.linux-x64-musl"]
checksum = "sha256:8d28939cf5cabe54a2f8f7cbfab52c643436d1bc70474198181db9e48f504411"
url = "https://github.com/astral-sh/ruff/releases/download/0.16.7/ruff-x86_64-unknown-linux-musl.tar.gz"
url_api = "https://api.github.com/repos/astral-sh/ruff/releases/assets/555530803"
provenance = "github-attestations"

[tools.ruff."platforms.macos-arm64"]
checksum = "sha256:80221a5e0b1ae29262a74496f2ad1380c1ab52b3edd8cee13ec76d8acff406ca"
url = "https://github.com/astral-sh/ruff/releases/download/0.16.7/ruff-aarch64-apple-darwin.tar.gz"
url_api = "https://api.github.com/repos/astral-sh/ruff/releases/assets/555530669"
provenance = "github-attestations"

[tools.ruff."platforms.macos-x64"]
checksum = "sha256:6f3b98ec349f470b7efde5294d44e5171613ddaac3c251a918a7946b303d3ec2"
url = "https://github.com/astral-sh/ruff/releases/download/0.16.7/ruff-x86_64-apple-darwin.tar.gz"
url_api = "https://api.github.com/repos/astral-sh/ruff/releases/assets/555530779"
provenance = "github-attestations"

[tools.ruff."platforms.windows-x64"]
checksum = "sha256:a099e761fb841fc33d44031aa37e16a3d154922fd3da284396e58ae687973e45"
url = "https://github.com/astral-sh/ruff/releases/download/0.16.7/ruff-x86_64-pc-windows-msvc.zip"
url_api = "https://api.github.com/repos/astral-sh/ruff/releases/assets/555530794"
provenance = "github-attestations"

[[tools.rust]]
version = "1.98.1"
backend = "core:rust"
specifiers = ["latest"]

[[tools.typos]]
version = "1.50.2"
backend = "aqua:crate-ci/typos"
specifiers = ["latest"]

[tools.typos."platforms.linux-arm64"]
checksum = "sha256:27c4b6d0ba6f37d120ce32117777d703fc9d57ba71f16e8bcde5b35c987cf9b8"
url = "https://github.com/crate-ci/typos/releases/download/v1.50.2/typos-v1.50.2-aarch64-unknown-linux-musl.tar.gz"
url_api = "https://api.github.com/repos/crate-ci/typos/releases/assets/565799446"

[tools.typos."platforms.linux-arm64-musl"]
checksum = "sha256:27c4b6d0ba6f37d120ce32117777d703fc9d57ba71f16e8bcde5b35c987cf9b8"
url = "https://github.com/crate-ci/typos/releases/download/v1.50.2/typos-v1.50.2-aarch64-unknown-linux-musl.tar.gz"
url_api = "https://api.github.com/repos/crate-ci/typos/releases/assets/565799446"

[tools.typos."platforms.linux-x64"]
checksum = "sha256:abcb3e257c7c2abeff4d903f7fe68071357637605bdb283ce2251f44bc70dc09"
url = "https://github.com/crate-ci/typos/releases/download/v1.50.2/typos-v1.50.2-x86_64-unknown-linux-musl.tar.gz"
url_api = "https://api.github.com/repos/crate-ci/typos/releases/assets/565795694"

[tools.typos."platforms.linux-x64-musl"]
checksum = "sha256:abcb3e257c7c2abeff4d903f7fe68071357637605bdb283ce2251f44bc70dc09"
url = "https://github.com/crate-ci/typos/releases/download/v1.50.2/typos-v1.50.2-x86_64-unknown-linux-musl.tar.gz"
url_api = "https://api.github.com/repos/crate-ci/typos/releases/assets/565795694"

[tools.typos."platforms.macos-arm64"]
checksum = "sha256:70d61e9d682034133f0aa56f5a02bae0de168495f3cce62a87054aa7186c1901"
url = "https://github.com/crate-ci/typos/releases/download/v1.50.2/typos-v1.50.2-aarch64-apple-darwin.tar.gz"
url_api = "https://api.github.com/repos/crate-ci/typos/releases/assets/565802016"

[tools.typos."platforms.macos-x64"]
checksum = "sha256:7480a081e51d428d94f560ef8b855ae0decb7c35cc686925ed887c5f51b1ecf1"
url = "https://github.com/crate-ci/typos/releases/download/v1.50.2/typos-v1.50.2-x86_64-apple-darwin.tar.gz"
url_api = "https://api.github.com/repos/crate-ci/typos/releases/assets/565800683"

[tools.typos."platforms.windows-x64"]
checksum = "sha256:8474ca8bd72df497b7dee2272345bdea0d4926b18b708faea492fc9bcfd0b0e9"
url = "https://github.com/crate-ci/typos/releases/download/v1.50.2/typos-v1.50.2-x86_64-pc-windows-msvc.zip"
url_api = "https://api.github.com/repos/crate-ci/typos/releases/assets/565798642"

[[tools.usage]]
version = "6.9.1"
backend = "packslip:github.com/jdx/usage"
specifiers = ["latest"]

[tools.usage."platforms.linux-arm64"]
checksum = "sha256:d4b65dfac2073007bb77cc8d9248900b59d4388eaaa73eb6137c8faba0ff030f"
url = "https://github.com/jdx/usage/releases/download/v6.9.1/usage-aarch64-unknown-linux-gnu.tar.gz"
signer = "sigstore-oidc:https://github.com/jdx/usage/.github/workflows/publish-cli.yml"

[tools.usage."platforms.linux-arm64-musl"]
checksum = "sha256:313143922a8ce05214ef4b55b9ae0f7ff5585da966bba65224c7bab3428c5aef"
url = "https://github.com/jdx/usage/releases/download/v6.9.1/usage-aarch64-unknown-linux-musl.tar.gz"
signer = "sigstore-oidc:https://github.com/jdx/usage/.github/workflows/publish-cli.yml"

[tools.usage."platforms.linux-x64"]
checksum = "sha256:8e1cafb10fe2ddee8c18076c09dea4c89ee2d25ac2c0ec5158fda5b8d4e02222"
url = "https://github.com/jdx/usage/releases/download/v6.9.1/usage-x86_64-unknown-linux-gnu.tar.gz"
signer = "sigstore-oidc:https://github.com/jdx/usage/.github/workflows/publish-cli.yml"

[tools.usage."platforms.linux-x64-musl"]
checksum = "sha256:3132b763f01e3cd346ebfedeff2e4e78f9a098eec1f3754b6db4ccfcda79aaf2"
url = "https://github.com/jdx/usage/releases/download/v6.9.1/usage-x86_64-unknown-linux-musl.tar.gz"
signer = "sigstore-oidc:https://github.com/jdx/usage/.github/workflows/publish-cli.yml"

[tools.usage."platforms.macos-arm64"]
checksum = "sha256:ddbb2c29ec16aca2cb44e0b0f64ba204b603ec50ed773ffda3db723e9aae73fe"
url = "https://github.com/jdx/usage/releases/download/v6.9.1/usage-universal-apple-darwin.tar.gz"
signer = "sigstore-oidc:https://github.com/jdx/usage/.github/workflows/publish-cli.yml"

[tools.usage."platforms.macos-x64"]
checksum = "sha256:ddbb2c29ec16aca2cb44e0b0f64ba204b603ec50ed773ffda3db723e9aae73fe"
url = "https://github.com/jdx/usage/releases/download/v6.9.1/usage-universal-apple-darwin.tar.gz"
signer = "sigstore-oidc:https://github.com/jdx/usage/.github/workflows/publish-cli.yml"

[tools.usage."platforms.windows-x64"]
checksum = "sha256:932008a3f68f0b72fb2012443980d04b01029af9ba2d31a5af0601a76e7e5870"
url = "https://github.com/jdx/usage/releases/download/v6.9.1/usage-x86_64-pc-windows-msvc.zip"
signer = "sigstore-oidc:https://github.com/jdx/usage/.github/workflows/publish-cli.yml"

[[tools.uv]]
version = "0.12.15"
backend = "aqua:astral-sh/uv"
specifiers = ["latest"]

[tools.uv."platforms.linux-arm64"]
checksum = "sha256:0e9a3499b0587d449c9ff684c0160da607826e4af1cee220bc87f378702d3e08"
url = "https://github.com/astral-sh/uv/releases/download/0.12.15/uv-aarch64-unknown-linux-gnu.tar.gz"
url_api = "https://api.github.com/repos/astral-sh/uv/releases/assets/565630758"
provenance = "github-attestations"

[tools.uv."platforms.linux-arm64-musl"]
checksum = "sha256:93b801abb146e6431fb0434346a0162e65d3f0d1cd7360144d04c43488fd7f7d"
url = "https://github.com/astral-sh/uv/releases/download/0.12.15/uv-aarch64-unknown-linux-musl.tar.gz"
url_api = "https://api.github.com/repos/astral-sh/uv/releases/assets/565630769"
provenance = "github-attestations"

[tools.uv."platforms.linux-x64"]
checksum = "sha256:f97935763c04be3e692460a7aaeaaab8fc3b78fcf8b389da820b38ae7423a638"
url = "https://github.com/astral-sh/uv/releases/download/0.12.15/uv-x86_64-unknown-linux-gnu.tar.gz"
url_api = "https://api.github.com/repos/astral-sh/uv/releases/assets/565630898"
provenance = "github-attestations"

[tools.uv."platforms.linux-x64-musl"]
checksum = "sha256:999c0c3da986953e508985c3932d283d2c62eb167b4f8d81e79f565e34104959"
url = "https://github.com/astral-sh/uv/releases/download/0.12.15/uv-x86_64-unknown-linux-musl.tar.gz"
url_api = "https://api.github.com/repos/astral-sh/uv/releases/assets/565630904"
provenance = "github-attestations"

[tools.uv."platforms.macos-arm64"]
checksum = "sha256:dc304b9ed1b24174572290fba60ac3f6fe63c73a671f0439e62a91375841964d"
url = "https://github.com/astral-sh/uv/releases/download/0.12.15/uv-aarch64-apple-darwin.tar.gz"
url_api = "https://api.github.com/repos/astral-sh/uv/releases/assets/565630750"
provenance = "github-attestations"

[tools.uv."platforms.macos-x64"]
checksum = "sha256:e9ca61775532368fe518ab03e7a354c7ecab8ccb3c7d941c775fcc4a362b801b"
url = "https://github.com/astral-sh/uv/releases/download/0.12.15/uv-x86_64-apple-darwin.tar.gz"
url_api = "https://api.github.com/repos/astral-sh/uv/releases/assets/565630871"
provenance = "github-attestations"

[tools.uv."platforms.windows-x64"]
checksum = "sha256:477bd99a84e34891f2bd4c9152ddeb74e971accccbc59c0f0301f11f08a32d46"
url = "https://github.com/astral-sh/uv/releases/download/0.12.15/uv-x86_64-pc-windows-msvc.zip"
url_api = "https://api.github.com/repos/astral-sh/uv/releases/assets/565630896"
provenance = "github-attestations"
